
Microsoft Visual Studio Solution File, Format Version 12.00
# Visual Studio Version 17
VisualStudioVersion = 17.0.31903.59
MinimumVisualStudioVersion = 10.0.40219.1
Project("{2150E333-8FDC-42A3-9474-1A3956D46DE8}") = "01-Core", "01-Core", "{345739E2-E20C-4B1F-B1B2-725006FC9F72}"
EndProject
Project("{2150E333-8FDC-42A3-9474-1A3956D46DE8}") = "build", "build", "{0D42DE24-8D3C-4BE1-BAAE-7543281C3113}"
	ProjectSection(SolutionItems) = preProject
		build\common.props = build\common.props
		build\version.props = build\version.props
	EndProjectSection
EndProject
Project("{2150E333-8FDC-42A3-9474-1A3956D46DE8}") = "src", "src", "{C01B9930-D67F-41C5-90C9-C87DC53F39CB}"
EndProject
Project("{9A19103F-16F7-4668-BE54-9A1E7A4F7556}") = "Build", "build\Build.csproj", "{12539757-7371-455D-B86B-DAF22F2DEE4E}"
EndProject
Project("{9A19103F-16F7-4668-BE54-9A1E7A4F7556}") = "01-Util.Core", "src\Util.Core\01-Util.Core.csproj", "{5F1A7144-C954-4B47-B1FF-820FEA9B6B61}"
EndProject
Project("{9A19103F-16F7-4668-BE54-9A1E7A4F7556}") = "Util.Core.Tests", "test\Util.Core.Tests\Util.Core.Tests.csproj", "{1E50F81A-FBFF-4873-9731-FA8835A51080}"
EndProject
Project("{2150E333-8FDC-42A3-9474-1A3956D46DE8}") = "test", "test", "{E6328DC1-C8F0-4DC6-941F-C6CAFFF783DF}"
EndProject
Project("{2150E333-8FDC-42A3-9474-1A3956D46DE8}") = "benchmark", "benchmark", "{199A0EFE-EE81-4A0E-9F2E-298CDDA49D26}"
EndProject
Project("{2150E333-8FDC-42A3-9474-1A3956D46DE8}") = "13-Ui", "13-Ui", "{354B3720-D050-487D-A46A-22BCFEE56D43}"
EndProject
Project("{9A19103F-16F7-4668-BE54-9A1E7A4F7556}") = "01-Util.Ui", "src\Util.Ui\01-Util.Ui.csproj", "{5F7ACBE4-A1D8-4680-AA86-B87F8494BAC2}"
EndProject
Project("{9A19103F-16F7-4668-BE54-9A1E7A4F7556}") = "03-Util.Ui.NgZorro", "src\Util.Ui.NgZorro\03-Util.Ui.NgZorro.csproj", "{BA79977F-6DCE-4787-9A0D-AF5E61EBC177}"
EndProject
Project("{9A19103F-16F7-4668-BE54-9A1E7A4F7556}") = "Util.Ui.NgZorro.Tests", "test\Util.Ui.NgZorro.Tests\Util.Ui.NgZorro.Tests.csproj", "{2B56E8AA-4DAB-4A70-9439-ED16470C0BFE}"
EndProject
Project("{2150E333-8FDC-42A3-9474-1A3956D46DE8}") = "01-Core", "01-Core", "{9BFB5DBE-8F64-45A9-BDB2-BAD91D44A4C5}"
EndProject
Project("{2150E333-8FDC-42A3-9474-1A3956D46DE8}") = "14-Ui", "14-Ui", "{DE39BB20-AE82-47C3-9141-8CFD4C673217}"
EndProject
Project("{9A19103F-16F7-4668-BE54-9A1E7A4F7556}") = "Util.Ui.Tests", "test\Util.Ui.Tests\Util.Ui.Tests.csproj", "{766CAB38-F064-419F-837B-D6DA8B61AF66}"
EndProject
Project("{9A19103F-16F7-4668-BE54-9A1E7A4F7556}") = "02-Util.Ui.Angular", "src\Util.Ui.Angular\02-Util.Ui.Angular.csproj", "{E8481A4C-0C24-4418-A2C1-742877BE4F0D}"
EndProject
Project("{9A19103F-16F7-4668-BE54-9A1E7A4F7556}") = "Util.Core.Tests.Integration", "test\Util.Core.Tests.Integration\Util.Core.Tests.Integration.csproj", "{21064598-1418-422E-BA37-8EC09541DFC1}"
EndProject
Project("{9A19103F-16F7-4668-BE54-9A1E7A4F7556}") = "07-Util.AspNetCore", "src\Util.AspNetCore\07-Util.AspNetCore.csproj", "{08EF3E38-E0C3-4E18-984C-3216CB6E8897}"
EndProject
Project("{9A19103F-16F7-4668-BE54-9A1E7A4F7556}") = "02-Util.ObjectMapping.AutoMapper", "src\Util.ObjectMapping.AutoMapper\02-Util.ObjectMapping.AutoMapper.csproj", "{12C94395-09F1-42E4-8CE1-6E54D3FEBAA6}"
EndProject
Project("{9A19103F-16F7-4668-BE54-9A1E7A4F7556}") = "Util.ObjectMapping.AutoMapper.Tests", "test\Util.ObjectMapping.AutoMapper.Tests\Util.ObjectMapping.AutoMapper.Tests.csproj", "{955D94B8-747D-4CA4-832A-6377C9FF5B8F}"
EndProject
Project("{9A19103F-16F7-4668-BE54-9A1E7A4F7556}") = "03-Util.Aop.AspectCore", "src\Util.Aop.AspectCore\03-Util.Aop.AspectCore.csproj", "{FB337B27-C6C6-43A1-BFA5-58B3CF381BA8}"
EndProject
Project("{9A19103F-16F7-4668-BE54-9A1E7A4F7556}") = "Util.Aop.AspectCore.Tests", "test\Util.Aop.AspectCore.Tests\Util.Aop.AspectCore.Tests.csproj", "{B8825802-81F7-4671-82E8-3A6E3A21F570}"
EndProject
Project("{2150E333-8FDC-42A3-9474-1A3956D46DE8}") = "10-Domain", "10-Domain", "{7AB71D86-D351-4009-A789-24097897E74A}"
EndProject
Project("{9A19103F-16F7-4668-BE54-9A1E7A4F7556}") = "04-Util.Validation", "src\Util.Validation\04-Util.Validation.csproj", "{1DE277C2-EE56-4F4D-BB89-71107DE0E4C6}"
EndProject
Project("{9A19103F-16F7-4668-BE54-9A1E7A4F7556}") = "Util.Validation.Tests", "test\Util.Validation.Tests\Util.Validation.Tests.csproj", "{166852FC-2F86-4A5B-9029-E16958798DD6}"
EndProject
Project("{9A19103F-16F7-4668-BE54-9A1E7A4F7556}") = "01-Util.Domain", "src\Util.Domain\01-Util.Domain.csproj", "{61982C8D-5376-45EE-BCC3-D4F9E90AF3B0}"
EndProject
Project("{2150E333-8FDC-42A3-9474-1A3956D46DE8}") = "09-Domain", "09-Domain", "{FC5E00D1-ABA5-4168-8B8F-FA2A26D84068}"
EndProject
Project("{9A19103F-16F7-4668-BE54-9A1E7A4F7556}") = "Util.Domain.Tests", "test\Util.Domain.Tests\Util.Domain.Tests.csproj", "{7CA38535-297B-4DA9-AFF5-3199268EEAF6}"
EndProject
Project("{9A19103F-16F7-4668-BE54-9A1E7A4F7556}") = "01-Util.Events", "src\Util.Events\01-Util.Events.csproj", "{EE426441-DE33-4F3B-B66A-E258AC725B78}"
EndProject
Project("{9A19103F-16F7-4668-BE54-9A1E7A4F7556}") = "Util.Events.Tests", "test\Util.Events.Tests\Util.Events.Tests.csproj", "{3073C231-6AE2-42FE-90CE-FFA2A58CA7FD}"
EndProject
Project("{2150E333-8FDC-42A3-9474-1A3956D46DE8}") = "11-Data", "11-Data", "{66A85767-2877-4B99-84F1-EEABC6DC5247}"
EndProject
Project("{2150E333-8FDC-42A3-9474-1A3956D46DE8}") = "12-Data", "12-Data", "{CC492CA2-5D86-4DB8-AB15-B118DF27C344}"
EndProject
Project("{9A19103F-16F7-4668-BE54-9A1E7A4F7556}") = "Util.Data.Tests", "test\Util.Data.Tests\Util.Data.Tests.csproj", "{4D40321F-2C3F-4ACB-8AE0-7A228DF0551B}"
EndProject
Project("{9A19103F-16F7-4668-BE54-9A1E7A4F7556}") = "01-Util.Data.EntityFrameworkCore", "src\Util.Data.EntityFrameworkCore\01-Util.Data.EntityFrameworkCore.csproj", "{7F7D9EE0-7263-4621-BA65-FC470B0F3C6B}"
EndProject
Project("{2150E333-8FDC-42A3-9474-1A3956D46DE8}") = "01-Core", "01-Core", "{45E2ADF5-F386-44CD-A43D-A3AB47E9C39A}"
EndProject
Project("{2150E333-8FDC-42A3-9474-1A3956D46DE8}") = "02-EntityFrameworkCore", "02-EntityFrameworkCore", "{4E99CBC5-1C74-44E7-9DEF-3FA44CADCCF0}"
EndProject
Project("{9A19103F-16F7-4668-BE54-9A1E7A4F7556}") = "02-Util.Data.EntityFrameworkCore.SqlServer", "src\Util.Data.EntityFrameworkCore.SqlServer\02-Util.Data.EntityFrameworkCore.SqlServer.csproj", "{04E5EDDB-8440-4BAD-9531-F87A3AC826FB}"
EndProject
Project("{9A19103F-16F7-4668-BE54-9A1E7A4F7556}") = "02-Util.Templates.Razor", "src\Util.Templates.Razor\02-Util.Templates.Razor.csproj", "{4656C609-DBBA-4F6B-B16F-5E1A8C9D9858}"
EndProject
Project("{9A19103F-16F7-4668-BE54-9A1E7A4F7556}") = "Util.Templates.Razor.Tests", "test\Util.Templates.Razor.Tests\Util.Templates.Razor.Tests.csproj", "{95751DFC-B598-46B6-84BB-1B717567B886}"
EndProject
Project("{9A19103F-16F7-4668-BE54-9A1E7A4F7556}") = "01-Util.Templates", "src\Util.Templates\01-Util.Templates.csproj", "{F7925EED-65E6-4CA2-9B8D-B7036F6DB3E8}"
EndProject
Project("{9A19103F-16F7-4668-BE54-9A1E7A4F7556}") = "03-Util.Templates.Handlebars", "src\Util.Templates.Handlebars\03-Util.Templates.Handlebars.csproj", "{D22C3F6D-434A-4F09-9EB2-B0433CC43642}"
EndProject
Project("{9A19103F-16F7-4668-BE54-9A1E7A4F7556}") = "Util.Templates.Handlebars.Tests", "test\Util.Templates.Handlebars.Tests\Util.Templates.Handlebars.Tests.csproj", "{78C9C726-BFAB-4B31-AFCB-5A229E69DC07}"
EndProject
Project("{9A19103F-16F7-4668-BE54-9A1E7A4F7556}") = "03-Util.Data.Metadata", "src\Util.Data.Metadata\03-Util.Data.Metadata.csproj", "{257A0A17-5D13-4DA4-8E91-8A3BB2711F49}"
EndProject
Project("{2150E333-8FDC-42A3-9474-1A3956D46DE8}") = "03-Dapper", "03-Dapper", "{4A955BB3-C1AF-45DB-9590-82C00996B608}"
EndProject
Project("{9A19103F-16F7-4668-BE54-9A1E7A4F7556}") = "02-Util.Data.Dapper.SqlServer", "src\Util.Data.Dapper.SqlServer\02-Util.Data.Dapper.SqlServer.csproj", "{9A2C7C42-086B-4482-828D-7B02D85372ED}"
EndProject
Project("{9A19103F-16F7-4668-BE54-9A1E7A4F7556}") = "02-Util.Data.Sql", "src\Util.Data.Sql\02-Util.Data.Sql.csproj", "{661B88AE-6F83-437C-9A7E-C5C1A565E650}"
EndProject
Project("{9A19103F-16F7-4668-BE54-9A1E7A4F7556}") = "Util.Data.Sql.Tests", "test\Util.Data.Sql.Tests\Util.Data.Sql.Tests.csproj", "{C99E1554-5039-42BD-B1FD-93814FBEBE44}"
EndProject
Project("{9A19103F-16F7-4668-BE54-9A1E7A4F7556}") = "Util.Core.Benchmark", "benchmark\Util.Core.Benchmark\Util.Core.Benchmark.csproj", "{25C83DA5-BD4A-4AFA-8747-A0D16CB70500}"
EndProject
Project("{9A19103F-16F7-4668-BE54-9A1E7A4F7556}") = "Util.Data.Sql.Benchmark", "benchmark\Util.Data.Sql.Benchmark\Util.Data.Sql.Benchmark.csproj", "{EFADC714-F197-4286-9B41-1F9833C8DA1F}"
EndProject
Project("{9A19103F-16F7-4668-BE54-9A1E7A4F7556}") = "01-Util.Data.Dapper.Core", "src\Util.Data.Dapper.Core\01-Util.Data.Dapper.Core.csproj", "{60424AB5-356A-4623-B1FB-7560334C0BE0}"
EndProject
Project("{9A19103F-16F7-4668-BE54-9A1E7A4F7556}") = "05-Util.Data.Dapper.All", "src\Util.Data.Dapper.All\05-Util.Data.Dapper.All.csproj", "{C2A4E6AB-16B9-4457-9445-FFBF672DFBCF}"
EndProject
Project("{9A19103F-16F7-4668-BE54-9A1E7A4F7556}") = "Util.Data.Dapper.Benchmark", "benchmark\Util.Data.Dapper.Benchmark\Util.Data.Dapper.Benchmark.csproj", "{347692CA-62B3-4DC3-A951-B9CE3B05CACD}"
EndProject
Project("{9A19103F-16F7-4668-BE54-9A1E7A4F7556}") = "02-Util.Domain.Biz", "src\Util.Domain.Biz\02-Util.Domain.Biz.csproj", "{AFB629C5-00C2-492C-8787-C66D810A24DB}"
EndProject
Project("{2150E333-8FDC-42A3-9474-1A3956D46DE8}") = "12-Application", "12-Application", "{648CE3E3-CEC4-4F91-8696-6A3FB2F91220}"
EndProject
Project("{9A19103F-16F7-4668-BE54-9A1E7A4F7556}") = "01-Util.Application", "src\Util.Application\01-Util.Application.csproj", "{9404B5FE-3431-4EC0-BCC6-42525FC5D1B8}"
EndProject
Project("{2150E333-8FDC-42A3-9474-1A3956D46DE8}") = "13-Application", "13-Application", "{BB24822F-F104-4D8E-9CB5-0A94DEF04BAB}"
EndProject
Project("{9A19103F-16F7-4668-BE54-9A1E7A4F7556}") = "Util.Application.Tests", "test\Util.Application.Tests\Util.Application.Tests.csproj", "{EF7BDA1B-22E7-4F3D-97E0-16C9C10AA1B0}"
EndProject
Project("{9A19103F-16F7-4668-BE54-9A1E7A4F7556}") = "01-Util.Data.Core", "src\Util.Data.Core\01-Util.Data.Core.csproj", "{B5305F08-3856-42B5-92D5-6FD446B39931}"
EndProject
Project("{9A19103F-16F7-4668-BE54-9A1E7A4F7556}") = "06-Util.Data.Abstractions", "src\Util.Data.Abstractions\06-Util.Data.Abstractions.csproj", "{88FE7642-27D9-4693-A130-706FCE46194A}"
EndProject
Project("{9A19103F-16F7-4668-BE54-9A1E7A4F7556}") = "Util.Application.EntityFrameworkCore.SqlServer.Tests.Integration", "test\Util.Application.EntityFrameworkCore.SqlServer.Tests.Integration\Util.Application.EntityFrameworkCore.SqlServer.Tests.Integration.csproj", "{CA43B145-9DF2-49D3-9371-B88BFB0E846A}"
EndProject
Project("{9A19103F-16F7-4668-BE54-9A1E7A4F7556}") = "02-Util.Application.EntityFrameworkCore", "src\Util.Application.EntityFrameworkCore\02-Util.Application.EntityFrameworkCore.csproj", "{95842BB6-559E-4317-B1E9-FF19D39ADA24}"
EndProject
Project("{9A19103F-16F7-4668-BE54-9A1E7A4F7556}") = "03-Util.Application.WebApi", "src\Util.Application.WebApi\03-Util.Application.WebApi.csproj", "{3DE7DD7A-8500-46C9-91A1-A65DB60E0235}"
EndProject
Project("{9A19103F-16F7-4668-BE54-9A1E7A4F7556}") = "03-Util.Data.EntityFrameworkCore.PostgreSql", "src\Util.Data.EntityFrameworkCore.PostgreSql\03-Util.Data.EntityFrameworkCore.PostgreSql.csproj", "{8618EE3F-F120-4AEA-8A77-F7BD5DCCB888}"
EndProject
Project("{2150E333-8FDC-42A3-9474-1A3956D46DE8}") = "02-Logging", "02-Logging", "{D5CF25B2-1A91-4065-A647-06CDF55F4B96}"
EndProject
Project("{2150E333-8FDC-42A3-9474-1A3956D46DE8}") = "04-Templates", "04-Templates", "{2697EEFB-06BE-4786-89C6-A566FD94A41B}"
EndProject
Project("{2150E333-8FDC-42A3-9474-1A3956D46DE8}") = "02-Logging", "02-Logging", "{A6EB05D5-EF38-45B6-960A-0EB759373FDF}"
EndProject
Project("{2150E333-8FDC-42A3-9474-1A3956D46DE8}") = "04-Templates", "04-Templates", "{445850B7-1A9D-4E9D-8AC1-765F3792DC19}"
EndProject
Project("{2150E333-8FDC-42A3-9474-1A3956D46DE8}") = "03-Events", "03-Events", "{59F82491-51E3-4A12-B427-9815AEA23D10}"
EndProject
Project("{2150E333-8FDC-42A3-9474-1A3956D46DE8}") = "03-Events", "03-Events", "{3ABD7B4B-37F9-4D49-92D9-384190177286}"
EndProject
Project("{9A19103F-16F7-4668-BE54-9A1E7A4F7556}") = "01-Util.Logging", "src\Util.Logging\01-Util.Logging.csproj", "{577A7F6F-4836-4811-B715-32573127BDB3}"
EndProject
Project("{9A19103F-16F7-4668-BE54-9A1E7A4F7556}") = "Util.Logging.Tests", "test\Util.Logging.Tests\Util.Logging.Tests.csproj", "{04EA7A93-CDC7-4C68-815D-699180D99DCE}"
EndProject
Project("{9A19103F-16F7-4668-BE54-9A1E7A4F7556}") = "02-Util.Logging.Serilog", "src\Util.Logging.Serilog\02-Util.Logging.Serilog.csproj", "{A1186FB9-FB77-427C-9AEC-55E48A8D046A}"
EndProject
Project("{9A19103F-16F7-4668-BE54-9A1E7A4F7556}") = "03-Util.Logging.Serilog.Exceptionless", "src\Util.Logging.Serilog.Exceptionless\03-Util.Logging.Serilog.Exceptionless.csproj", "{9960FA8A-98C1-45FB-8A09-33CA183AA140}"
EndProject
Project("{2150E333-8FDC-42A3-9474-1A3956D46DE8}") = "10-Share", "10-Share", "{E3414144-C19E-40C0-A73A-2FD41AE514D1}"
EndProject
Project("{9A19103F-16F7-4668-BE54-9A1E7A4F7556}") = "Util.TestShare", "test\Util.TestShare\Util.TestShare.csproj", "{1855CAB7-6379-47A4-A0A4-F890C6C46403}"
EndProject
Project("{9A19103F-16F7-4668-BE54-9A1E7A4F7556}") = "04-Util.Data.EntityFrameworkCore.MySql", "src\Util.Data.EntityFrameworkCore.MySql\04-Util.Data.EntityFrameworkCore.MySql.csproj", "{C43539A5-8343-4381-B2FD-5323323F1DB6}"
EndProject
Project("{9A19103F-16F7-4668-BE54-9A1E7A4F7556}") = "Util.Logging.Serilog.Tests.Integration", "test\Util.Logging.Serilog.Tests.Integration\Util.Logging.Serilog.Tests.Integration.csproj", "{D3C326CD-F1F1-4E06-962D-47F6C8090DEE}"
EndProject
Project("{9A19103F-16F7-4668-BE54-9A1E7A4F7556}") = "Util.Logging.Serilog.Exceptionless.Tests.Integration", "test\Util.Logging.Serilog.Exceptionless.Tests.Integration\Util.Logging.Serilog.Exceptionless.Tests.Integration.csproj", "{13690AB8-9AA4-4936-A25F-7AF1AE3D4ED0}"
EndProject
Project("{9A19103F-16F7-4668-BE54-9A1E7A4F7556}") = "Util.Data.EntityFrameworkCore.PostgreSql.Tests.Integration", "test\Util.Data.EntityFrameworkCore.PostgreSql.Tests.Integration\Util.Data.EntityFrameworkCore.PostgreSql.Tests.Integration.csproj", "{244A930D-5B84-4CBC-A3A7-7E8DE1E603D6}"
EndProject
Project("{9A19103F-16F7-4668-BE54-9A1E7A4F7556}") = "Util.Data.EntityFrameworkCore.SqlServer.Tests.Integration", "test\Util.Data.EntityFrameworkCore.SqlServer.Tests.Integration\Util.Data.EntityFrameworkCore.SqlServer.Tests.Integration.csproj", "{0EDF10D7-D6D6-48E2-AC0C-BA6D814CB633}"
EndProject
Project("{9A19103F-16F7-4668-BE54-9A1E7A4F7556}") = "Util.TestShare.SqlServer", "test\Util.TestShare.SqlServer\Util.TestShare.SqlServer.csproj", "{05D8A63F-B3E1-4A5E-AA66-337BCF8840C1}"
EndProject
Project("{9A19103F-16F7-4668-BE54-9A1E7A4F7556}") = "Util.TestShare.PostgreSql", "test\Util.TestShare.PostgreSql\Util.TestShare.PostgreSql.csproj", "{3993A838-71C9-49C5-80B3-16CC48A5F5C9}"
EndProject
Project("{9A19103F-16F7-4668-BE54-9A1E7A4F7556}") = "Util.Data.EntityFrameworkCore.MySql.Tests.Integration", "test\Util.Data.EntityFrameworkCore.MySql.Tests.Integration\Util.Data.EntityFrameworkCore.MySql.Tests.Integration.csproj", "{D785A240-1115-41C8-943E-5058161D6478}"
EndProject
Project("{9A19103F-16F7-4668-BE54-9A1E7A4F7556}") = "Util.TestShare.MySql", "test\Util.TestShare.MySql\Util.TestShare.MySql.csproj", "{B1952639-773B-4C82-9D95-7CB4ED8AC59E}"
EndProject
Project("{9A19103F-16F7-4668-BE54-9A1E7A4F7556}") = "Util.Data.Dapper.SqlServer.Tests.Integration", "test\Util.Data.Dapper.SqlServer.Tests.Integration\Util.Data.Dapper.SqlServer.Tests.Integration.csproj", "{29792C72-565A-46DF-B887-494AC5352818}"
EndProject
Project("{9A19103F-16F7-4668-BE54-9A1E7A4F7556}") = "Util.Application.EntityFrameworkCore.PostgreSql.Tests.Integration", "test\Util.Application.EntityFrameworkCore.PostgreSql.Tests.Integration\Util.Application.EntityFrameworkCore.PostgreSql.Tests.Integration.csproj", "{C57D22E0-075B-4F27-87F1-E6CF5F203975}"
EndProject
Project("{9A19103F-16F7-4668-BE54-9A1E7A4F7556}") = "Util.Application.EntityFrameworkCore.MySql.Tests.Integration", "test\Util.Application.EntityFrameworkCore.MySql.Tests.Integration\Util.Application.EntityFrameworkCore.MySql.Tests.Integration.csproj", "{B9B66159-4FC7-4F94-8C21-ADC8CCED84F4}"
EndProject
Project("{9A19103F-16F7-4668-BE54-9A1E7A4F7556}") = "Util.Application.WebApi.SqlServer.Tests.Integration", "test\Util.Application.WebApi.SqlServer.Tests.Integration\Util.Application.WebApi.SqlServer.Tests.Integration.csproj", "{24FFA5F1-37CD-408B-80A9-006B5A6E11E8}"
EndProject
Project("{9A19103F-16F7-4668-BE54-9A1E7A4F7556}") = "Util.Application.WebApi.PostgreSql.Tests.Integration", "test\Util.Application.WebApi.PostgreSql.Tests.Integration\Util.Application.WebApi.PostgreSql.Tests.Integration.csproj", "{6FE28297-B958-4BC5-A320-A531874D7F58}"
EndProject
Project("{9A19103F-16F7-4668-BE54-9A1E7A4F7556}") = "Util.Application.WebApi.MySql.Tests.Integration", "test\Util.Application.WebApi.MySql.Tests.Integration\Util.Application.WebApi.MySql.Tests.Integration.csproj", "{838A27C6-F125-4C61-923E-7C855B598FBD}"
EndProject
Project("{9A19103F-16F7-4668-BE54-9A1E7A4F7556}") = "Util.Data.Dapper.PostgreSql.Tests.Integration", "test\Util.Data.Dapper.PostgreSql.Tests.Integration\Util.Data.Dapper.PostgreSql.Tests.Integration.csproj", "{FDE43241-3C82-4005-87B3-FD1349FEF4B6}"
EndProject
Project("{9A19103F-16F7-4668-BE54-9A1E7A4F7556}") = "03-Util.Data.Dapper.PostgreSql", "src\Util.Data.Dapper.PostgreSql\03-Util.Data.Dapper.PostgreSql.csproj", "{878A2744-5122-48A7-90E6-7D8CFABC29FD}"
EndProject
Project("{9A19103F-16F7-4668-BE54-9A1E7A4F7556}") = "04-Util.Data.Dapper.MySql", "src\Util.Data.Dapper.MySql\04-Util.Data.Dapper.MySql.csproj", "{0C464725-DEDC-4894-84A3-7A155E43818B}"
EndProject
Project("{9A19103F-16F7-4668-BE54-9A1E7A4F7556}") = "Util.Data.Dapper.MySql.Tests.Integration", "test\Util.Data.Dapper.MySql.Tests.Integration\Util.Data.Dapper.MySql.Tests.Integration.csproj", "{AC831843-CDE2-4B67-8BC5-8F2A0D09B273}"
EndProject
Project("{9A19103F-16F7-4668-BE54-9A1E7A4F7556}") = "05-Util.Data.EntityFrameworkCore.Sqlite", "src\Util.Data.EntityFrameworkCore.Sqlite\05-Util.Data.EntityFrameworkCore.Sqlite.csproj", "{2BE691A3-19C0-4FCF-85D2-D2371C9462C6}"
EndProject
Project("{9A19103F-16F7-4668-BE54-9A1E7A4F7556}") = "Util.Data.EntityFrameworkCore.Sqlite.Tests.Integration", "test\Util.Data.EntityFrameworkCore.Sqlite.Tests.Integration\Util.Data.EntityFrameworkCore.Sqlite.Tests.Integration.csproj", "{B140F739-EC51-4265-B4B8-59467606E6EE}"
EndProject
Project("{9A19103F-16F7-4668-BE54-9A1E7A4F7556}") = "Util.TestShare.Sqlite", "test\Util.TestShare.Sqlite\Util.TestShare.Sqlite.csproj", "{00E8EE51-A263-4971-9431-C4A2DEA4993A}"
EndProject
Project("{9A19103F-16F7-4668-BE54-9A1E7A4F7556}") = "06-Util.Data.EntityFrameworkCore.Oracle", "src\Util.Data.EntityFrameworkCore.Oracle\06-Util.Data.EntityFrameworkCore.Oracle.csproj", "{6B2BA282-5C97-4A71-885F-E5259274F714}"
EndProject
Project("{9A19103F-16F7-4668-BE54-9A1E7A4F7556}") = "Util.TestShare.Oracle", "test\Util.TestShare.Oracle\Util.TestShare.Oracle.csproj", "{05CF624D-F42E-461A-A21D-41BEE0CCEB5C}"
EndProject
Project("{9A19103F-16F7-4668-BE54-9A1E7A4F7556}") = "Util.Data.EntityFrameworkCore.Oracle.Tests.Integration", "test\Util.Data.EntityFrameworkCore.Oracle.Tests.Integration\Util.Data.EntityFrameworkCore.Oracle.Tests.Integration.csproj", "{C4A782C1-AA25-476B-B936-90433422D0A2}"
EndProject
Project("{9A19103F-16F7-4668-BE54-9A1E7A4F7556}") = "01-Util.Localization", "src\Util.Localization\01-Util.Localization.csproj", "{D9E411DD-58B1-4160-8025-068D43ADE72C}"
EndProject
Project("{9A19103F-16F7-4668-BE54-9A1E7A4F7556}") = "Util.Localization.Tests.Integration", "test\Util.Localization.Tests.Integration\Util.Localization.Tests.Integration.csproj", "{B2AADB36-8433-4EDB-B247-49A3EA82FE06}"
EndProject
Project("{9A19103F-16F7-4668-BE54-9A1E7A4F7556}") = "Util.Localization.Resources", "test\Util.Localization.Resources\Util.Localization.Resources.csproj", "{40F2A962-6209-42D0-9F21-CEACB411007B}"
EndProject
Project("{2150E333-8FDC-42A3-9474-1A3956D46DE8}") = "05-Caching", "05-Caching", "{22E49D65-F51D-4A45-A35E-B27FF7DE6787}"
EndProject
Project("{2150E333-8FDC-42A3-9474-1A3956D46DE8}") = "05-Caching", "05-Caching", "{B85E8FC7-748E-4990-9279-1F06E095B6E6}"
EndProject
Project("{9A19103F-16F7-4668-BE54-9A1E7A4F7556}") = "01-Util.Caching", "src\Util.Caching\01-Util.Caching.csproj", "{4170A699-C110-4136-92EA-D2BFEBF68230}"
EndProject
Project("{9A19103F-16F7-4668-BE54-9A1E7A4F7556}") = "02-Util.Caching.EasyCaching", "src\Util.Caching.EasyCaching\02-Util.Caching.EasyCaching.csproj", "{78B9EC26-ADC5-4934-9F31-000D4D678121}"
EndProject
Project("{9A19103F-16F7-4668-BE54-9A1E7A4F7556}") = "Util.Caching.EasyCaching.Tests.Integration", "test\Util.Caching.EasyCaching.Tests.Integration\Util.Caching.EasyCaching.Tests.Integration.csproj", "{027B0175-2D22-4168-A0B4-1E0DC5BE2A61}"
EndProject
Project("{9A19103F-16F7-4668-BE54-9A1E7A4F7556}") = "Util.Application.WebApi.Tests.Integration", "test\Util.Application.WebApi.Tests.Integration\Util.Application.WebApi.Tests.Integration.csproj", "{EA4C219B-D00A-4BDB-A787-A79FA9611303}"
EndProject
Project("{9A19103F-16F7-4668-BE54-9A1E7A4F7556}") = "04-Util.Ui.NgAlain", "src\Util.Ui.NgAlain\04-Util.Ui.NgAlain.csproj", "{B40CD480-D4A0-4A43-B855-0CD84EC537CC}"
EndProject
Project("{9A19103F-16F7-4668-BE54-9A1E7A4F7556}") = "Util.Ui.NgAlain.Tests", "test\Util.Ui.NgAlain.Tests\Util.Ui.NgAlain.Tests.csproj", "{C3C7C037-B5B6-4CE0-BC02-820667D74F60}"
EndProject
Project("{9A19103F-16F7-4668-BE54-9A1E7A4F7556}") = "Util.AspNetCore.Tests.Integration", "test\Util.AspNetCore.Tests.Integration\Util.AspNetCore.Tests.Integration.csproj", "{48F77D8F-60AE-4173-BA74-FC2E0B3578BB}"
EndProject
Project("{2150E333-8FDC-42A3-9474-1A3956D46DE8}") = "06-Scheduling", "06-Scheduling", "{76AA6040-AA3A-43DD-BD4B-7F931271BFD6}"
EndProject
Project("{2150E333-8FDC-42A3-9474-1A3956D46DE8}") = "11-Scheduling", "11-Scheduling", "{6493D592-7930-4979-A07D-B7CAA751C7BE}"
EndProject
Project("{9A19103F-16F7-4668-BE54-9A1E7A4F7556}") = "02-Util.Scheduling.Quartz", "src\Util.Scheduling.Quartz\02-Util.Scheduling.Quartz.csproj", "{4E12B03E-D607-492E-BB28-96235993A39F}"
EndProject
Project("{9A19103F-16F7-4668-BE54-9A1E7A4F7556}") = "Util.Scheduling.Quartz.Tests.Integration", "test\Util.Scheduling.Quartz.Tests.Integration\Util.Scheduling.Quartz.Tests.Integration.csproj", "{D2F38ACB-7158-4DE0-BDEA-B13E3D52A655}"
EndProject
Project("{9A19103F-16F7-4668-BE54-9A1E7A4F7556}") = "01-Util.Scheduling", "src\Util.Scheduling\01-Util.Scheduling.csproj", "{1272E006-8D8B-46B5-AD18-2E31CA9C6CBD}"
EndProject
Project("{9A19103F-16F7-4668-BE54-9A1E7A4F7556}") = "03-Util.Scheduling.Hangfire", "src\Util.Scheduling.Hangfire\03-Util.Scheduling.Hangfire.csproj", "{E0D77981-E412-477D-B866-E43F055CAAFC}"
EndProject
Project("{9A19103F-16F7-4668-BE54-9A1E7A4F7556}") = "Util.Scheduling.Hangfire.Tests.Integration", "test\Util.Scheduling.Hangfire.Tests.Integration\Util.Scheduling.Hangfire.Tests.Integration.csproj", "{66B96C01-6A08-4C7A-B5F5-A0489D8BBB47}"
EndProject
Project("{9A19103F-16F7-4668-BE54-9A1E7A4F7556}") = "05-Util.Security", "src\Util.Security\05-Util.Security.csproj", "{8BC69296-3C9A-45B3-B6C3-3DD575027CCD}"
EndProject
Project("{9A19103F-16F7-4668-BE54-9A1E7A4F7556}") = "Util.Security.Tests", "test\Util.Security.Tests\Util.Security.Tests.csproj", "{B25D3B7A-AEAA-4EFB-9839-7C6E3F7C24BB}"
EndProject
Project("{2150E333-8FDC-42A3-9474-1A3956D46DE8}") = "07-Localization", "07-Localization", "{07527192-F5B5-46B3-A0F2-FBE7A3FAA8CD}"
EndProject
Project("{2150E333-8FDC-42A3-9474-1A3956D46DE8}") = "08-Images", "08-Images", "{1F5EE147-BD88-4B6D-BA84-35B4F3BE4A4E}"
EndProject
Project("{9A19103F-16F7-4668-BE54-9A1E7A4F7556}") = "01-Util.Images.ImageSharp", "src\Util.Images.ImageSharp\01-Util.Images.ImageSharp.csproj", "{22305349-51C7-4D80-A538-C7C0F4495895}"
EndProject
Project("{2150E333-8FDC-42A3-9474-1A3956D46DE8}") = "06-Localization", "06-Localization", "{54800E45-FF91-4091-A146-EFA5432A6443}"
EndProject
Project("{2150E333-8FDC-42A3-9474-1A3956D46DE8}") = "02-Dapper", "02-Dapper", "{664F0DBE-CB31-4D63-858A-8C7E6411C76C}"
EndProject
Project("{2150E333-8FDC-42A3-9474-1A3956D46DE8}") = "03-EntityFrameworkCore", "03-EntityFrameworkCore", "{7D087635-9E77-46B2-B647-962F7E2F8688}"
EndProject
Project("{2150E333-8FDC-42A3-9474-1A3956D46DE8}") = "01-Core", "01-Core", "{2864196E-3044-4FEC-B92A-D1D3C521C567}"
EndProject
Project("{2150E333-8FDC-42A3-9474-1A3956D46DE8}") = "07-Images", "07-Images", "{96DFADC5-FAE8-4860-A57A-93F0534B1B7A}"
EndProject
Project("{9A19103F-16F7-4668-BE54-9A1E7A4F7556}") = "Util.Images.ImageSharp.Tests.Integration", "test\Util.Images.ImageSharp.Tests.Integration\Util.Images.ImageSharp.Tests.Integration.csproj", "{5921A7FA-8C70-49A9-82E1-BE3FA5B50C33}"
EndProject
Project("{9A19103F-16F7-4668-BE54-9A1E7A4F7556}") = "02-Util.Images.Avatar", "src\Util.Images.Avatar\02-Util.Images.Avatar.csproj", "{599BAD8E-DB56-4967-8DDE-74BD21DA2B49}"
EndProject
Project("{9A19103F-16F7-4668-BE54-9A1E7A4F7556}") = "Util.Images.Avatar.Tests.Integration", "test\Util.Images.Avatar.Tests.Integration\Util.Images.Avatar.Tests.Integration.csproj", "{75A31AAB-B7E6-4F13-9B7A-B74216B2EDDE}"
EndProject
Project("{2150E333-8FDC-42A3-9474-1A3956D46DE8}") = "14-Generators", "14-Generators", "{411247A4-4665-4BE6-8E5C-08F6D0BA2213}"
EndProject
Project("{9A19103F-16F7-4668-BE54-9A1E7A4F7556}") = "01-Util.Generators", "src\Util.Generators\01-Util.Generators.csproj", "{36990D32-6F41-44A6-BB88-A3F15E12C35B}"
EndProject
Project("{9A19103F-16F7-4668-BE54-9A1E7A4F7556}") = "02-Util.Generators.Razor", "src\Util.Generators.Razor\02-Util.Generators.Razor.csproj", "{21831A4F-B3C9-40E7-855B-75F9D679FF55}"
EndProject
Project("{2150E333-8FDC-42A3-9474-1A3956D46DE8}") = "15-Generators", "15-Generators", "{F7D4E7CB-468D-4570-8D82-D065F08BE40D}"
EndProject
Project("{9A19103F-16F7-4668-BE54-9A1E7A4F7556}") = "Util.Generators.Tests", "test\Util.Generators.Tests\Util.Generators.Tests.csproj", "{5996F536-14B9-4F95-A18B-716E5F7EE478}"
EndProject
Project("{9A19103F-16F7-4668-BE54-9A1E7A4F7556}") = "Util.Generators.Razor.Tests", "test\Util.Generators.Razor.Tests\Util.Generators.Razor.Tests.csproj", "{89ADBA29-42CD-4D17-8987-4D1233C1083C}"
EndProject
Project("{2150E333-8FDC-42A3-9474-1A3956D46DE8}") = "09-FileStorage", "09-FileStorage", "{E069CEB0-8092-4907-BC9D-C6B8BDE20AD2}"
EndProject
Project("{9A19103F-16F7-4668-BE54-9A1E7A4F7556}") = "01-Util.FileStorage", "src\Util.FileStorage\01-Util.FileStorage.csproj", "{6FC29D15-7581-4E29-9897-76DC5AEF2042}"
EndProject
Project("{9A19103F-16F7-4668-BE54-9A1E7A4F7556}") = "02-Util.FileStorage.Minio", "src\Util.FileStorage.Minio\02-Util.FileStorage.Minio.csproj", "{3E81F8D0-06C7-4FD4-A5B0-E3D96E909646}"
EndProject
Project("{2150E333-8FDC-42A3-9474-1A3956D46DE8}") = "08-FileStorage", "08-FileStorage", "{16175228-03CA-414A-8786-E5BA844110C4}"
EndProject
Project("{9A19103F-16F7-4668-BE54-9A1E7A4F7556}") = "Util.FileStorage.Minio.Tests.Integration", "test\Util.FileStorage.Minio.Tests.Integration\Util.FileStorage.Minio.Tests.Integration.csproj", "{AB2D6B9A-0EC8-402B-849A-95E826B09AB3}"
EndProject
Global
	GlobalSection(SolutionConfigurationPlatforms) = preSolution
		Debug|Any CPU = Debug|Any CPU
		Release|Any CPU = Release|Any CPU
	EndGlobalSection
	GlobalSection(ProjectConfigurationPlatforms) = postSolution
		{12539757-7371-455D-B86B-DAF22F2DEE4E}.Debug|Any CPU.ActiveCfg = Debug|Any CPU
		{12539757-7371-455D-B86B-DAF22F2DEE4E}.Debug|Any CPU.Build.0 = Debug|Any CPU
		{12539757-7371-455D-B86B-DAF22F2DEE4E}.Release|Any CPU.ActiveCfg = Release|Any CPU
		{12539757-7371-455D-B86B-DAF22F2DEE4E}.Release|Any CPU.Build.0 = Release|Any CPU
		{5F1A7144-C954-4B47-B1FF-820FEA9B6B61}.Debug|Any CPU.ActiveCfg = Debug|Any CPU
		{5F1A7144-C954-4B47-B1FF-820FEA9B6B61}.Debug|Any CPU.Build.0 = Debug|Any CPU
		{5F1A7144-C954-4B47-B1FF-820FEA9B6B61}.Release|Any CPU.ActiveCfg = Release|Any CPU
		{5F1A7144-C954-4B47-B1FF-820FEA9B6B61}.Release|Any CPU.Build.0 = Release|Any CPU
		{1E50F81A-FBFF-4873-9731-FA8835A51080}.Debug|Any CPU.ActiveCfg = Debug|Any CPU
		{1E50F81A-FBFF-4873-9731-FA8835A51080}.Debug|Any CPU.Build.0 = Debug|Any CPU
		{1E50F81A-FBFF-4873-9731-FA8835A51080}.Release|Any CPU.ActiveCfg = Release|Any CPU
		{1E50F81A-FBFF-4873-9731-FA8835A51080}.Release|Any CPU.Build.0 = Release|Any CPU
		{5F7ACBE4-A1D8-4680-AA86-B87F8494BAC2}.Debug|Any CPU.ActiveCfg = Debug|Any CPU
		{5F7ACBE4-A1D8-4680-AA86-B87F8494BAC2}.Debug|Any CPU.Build.0 = Debug|Any CPU
		{5F7ACBE4-A1D8-4680-AA86-B87F8494BAC2}.Release|Any CPU.ActiveCfg = Release|Any CPU
		{5F7ACBE4-A1D8-4680-AA86-B87F8494BAC2}.Release|Any CPU.Build.0 = Release|Any CPU
		{BA79977F-6DCE-4787-9A0D-AF5E61EBC177}.Debug|Any CPU.ActiveCfg = Debug|Any CPU
		{BA79977F-6DCE-4787-9A0D-AF5E61EBC177}.Debug|Any CPU.Build.0 = Debug|Any CPU
		{BA79977F-6DCE-4787-9A0D-AF5E61EBC177}.Release|Any CPU.ActiveCfg = Release|Any CPU
		{BA79977F-6DCE-4787-9A0D-AF5E61EBC177}.Release|Any CPU.Build.0 = Release|Any CPU
		{2B56E8AA-4DAB-4A70-9439-ED16470C0BFE}.Debug|Any CPU.ActiveCfg = Debug|Any CPU
		{2B56E8AA-4DAB-4A70-9439-ED16470C0BFE}.Debug|Any CPU.Build.0 = Debug|Any CPU
		{2B56E8AA-4DAB-4A70-9439-ED16470C0BFE}.Release|Any CPU.ActiveCfg = Release|Any CPU
		{2B56E8AA-4DAB-4A70-9439-ED16470C0BFE}.Release|Any CPU.Build.0 = Release|Any CPU
		{766CAB38-F064-419F-837B-D6DA8B61AF66}.Debug|Any CPU.ActiveCfg = Debug|Any CPU
		{766CAB38-F064-419F-837B-D6DA8B61AF66}.Debug|Any CPU.Build.0 = Debug|Any CPU
		{766CAB38-F064-419F-837B-D6DA8B61AF66}.Release|Any CPU.ActiveCfg = Release|Any CPU
		{766CAB38-F064-419F-837B-D6DA8B61AF66}.Release|Any CPU.Build.0 = Release|Any CPU
		{E8481A4C-0C24-4418-A2C1-742877BE4F0D}.Debug|Any CPU.ActiveCfg = Debug|Any CPU
		{E8481A4C-0C24-4418-A2C1-742877BE4F0D}.Debug|Any CPU.Build.0 = Debug|Any CPU
		{E8481A4C-0C24-4418-A2C1-742877BE4F0D}.Release|Any CPU.ActiveCfg = Release|Any CPU
		{E8481A4C-0C24-4418-A2C1-742877BE4F0D}.Release|Any CPU.Build.0 = Release|Any CPU
		{21064598-1418-422E-BA37-8EC09541DFC1}.Debug|Any CPU.ActiveCfg = Debug|Any CPU
		{21064598-1418-422E-BA37-8EC09541DFC1}.Debug|Any CPU.Build.0 = Debug|Any CPU
		{21064598-1418-422E-BA37-8EC09541DFC1}.Release|Any CPU.ActiveCfg = Release|Any CPU
		{21064598-1418-422E-BA37-8EC09541DFC1}.Release|Any CPU.Build.0 = Release|Any CPU
		{08EF3E38-E0C3-4E18-984C-3216CB6E8897}.Debug|Any CPU.ActiveCfg = Debug|Any CPU
		{08EF3E38-E0C3-4E18-984C-3216CB6E8897}.Debug|Any CPU.Build.0 = Debug|Any CPU
		{08EF3E38-E0C3-4E18-984C-3216CB6E8897}.Release|Any CPU.ActiveCfg = Release|Any CPU
		{08EF3E38-E0C3-4E18-984C-3216CB6E8897}.Release|Any CPU.Build.0 = Release|Any CPU
		{12C94395-09F1-42E4-8CE1-6E54D3FEBAA6}.Debug|Any CPU.ActiveCfg = Debug|Any CPU
		{12C94395-09F1-42E4-8CE1-6E54D3FEBAA6}.Debug|Any CPU.Build.0 = Debug|Any CPU
		{12C94395-09F1-42E4-8CE1-6E54D3FEBAA6}.Release|Any CPU.ActiveCfg = Release|Any CPU
		{12C94395-09F1-42E4-8CE1-6E54D3FEBAA6}.Release|Any CPU.Build.0 = Release|Any CPU
		{955D94B8-747D-4CA4-832A-6377C9FF5B8F}.Debug|Any CPU.ActiveCfg = Debug|Any CPU
		{955D94B8-747D-4CA4-832A-6377C9FF5B8F}.Debug|Any CPU.Build.0 = Debug|Any CPU
		{955D94B8-747D-4CA4-832A-6377C9FF5B8F}.Release|Any CPU.ActiveCfg = Release|Any CPU
		{955D94B8-747D-4CA4-832A-6377C9FF5B8F}.Release|Any CPU.Build.0 = Release|Any CPU
		{FB337B27-C6C6-43A1-BFA5-58B3CF381BA8}.Debug|Any CPU.ActiveCfg = Debug|Any CPU
		{FB337B27-C6C6-43A1-BFA5-58B3CF381BA8}.Debug|Any CPU.Build.0 = Debug|Any CPU
		{FB337B27-C6C6-43A1-BFA5-58B3CF381BA8}.Release|Any CPU.ActiveCfg = Release|Any CPU
		{FB337B27-C6C6-43A1-BFA5-58B3CF381BA8}.Release|Any CPU.Build.0 = Release|Any CPU
		{B8825802-81F7-4671-82E8-3A6E3A21F570}.Debug|Any CPU.ActiveCfg = Debug|Any CPU
		{B8825802-81F7-4671-82E8-3A6E3A21F570}.Debug|Any CPU.Build.0 = Debug|Any CPU
		{B8825802-81F7-4671-82E8-3A6E3A21F570}.Release|Any CPU.ActiveCfg = Release|Any CPU
		{B8825802-81F7-4671-82E8-3A6E3A21F570}.Release|Any CPU.Build.0 = Release|Any CPU
		{1DE277C2-EE56-4F4D-BB89-71107DE0E4C6}.Debug|Any CPU.ActiveCfg = Debug|Any CPU
		{1DE277C2-EE56-4F4D-BB89-71107DE0E4C6}.Debug|Any CPU.Build.0 = Debug|Any CPU
		{1DE277C2-EE56-4F4D-BB89-71107DE0E4C6}.Release|Any CPU.ActiveCfg = Release|Any CPU
		{1DE277C2-EE56-4F4D-BB89-71107DE0E4C6}.Release|Any CPU.Build.0 = Release|Any CPU
		{166852FC-2F86-4A5B-9029-E16958798DD6}.Debug|Any CPU.ActiveCfg = Debug|Any CPU
		{166852FC-2F86-4A5B-9029-E16958798DD6}.Debug|Any CPU.Build.0 = Debug|Any CPU
		{166852FC-2F86-4A5B-9029-E16958798DD6}.Release|Any CPU.ActiveCfg = Release|Any CPU
		{166852FC-2F86-4A5B-9029-E16958798DD6}.Release|Any CPU.Build.0 = Release|Any CPU
		{61982C8D-5376-45EE-BCC3-D4F9E90AF3B0}.Debug|Any CPU.ActiveCfg = Debug|Any CPU
		{61982C8D-5376-45EE-BCC3-D4F9E90AF3B0}.Debug|Any CPU.Build.0 = Debug|Any CPU
		{61982C8D-5376-45EE-BCC3-D4F9E90AF3B0}.Release|Any CPU.ActiveCfg = Release|Any CPU
		{61982C8D-5376-45EE-BCC3-D4F9E90AF3B0}.Release|Any CPU.Build.0 = Release|Any CPU
		{7CA38535-297B-4DA9-AFF5-3199268EEAF6}.Debug|Any CPU.ActiveCfg = Debug|Any CPU
		{7CA38535-297B-4DA9-AFF5-3199268EEAF6}.Debug|Any CPU.Build.0 = Debug|Any CPU
		{7CA38535-297B-4DA9-AFF5-3199268EEAF6}.Release|Any CPU.ActiveCfg = Release|Any CPU
		{7CA38535-297B-4DA9-AFF5-3199268EEAF6}.Release|Any CPU.Build.0 = Release|Any CPU
		{EE426441-DE33-4F3B-B66A-E258AC725B78}.Debug|Any CPU.ActiveCfg = Debug|Any CPU
		{EE426441-DE33-4F3B-B66A-E258AC725B78}.Debug|Any CPU.Build.0 = Debug|Any CPU
		{EE426441-DE33-4F3B-B66A-E258AC725B78}.Release|Any CPU.ActiveCfg = Release|Any CPU
		{EE426441-DE33-4F3B-B66A-E258AC725B78}.Release|Any CPU.Build.0 = Release|Any CPU
		{3073C231-6AE2-42FE-90CE-FFA2A58CA7FD}.Debug|Any CPU.ActiveCfg = Debug|Any CPU
		{3073C231-6AE2-42FE-90CE-FFA2A58CA7FD}.Debug|Any CPU.Build.0 = Debug|Any CPU
		{3073C231-6AE2-42FE-90CE-FFA2A58CA7FD}.Release|Any CPU.ActiveCfg = Release|Any CPU
		{3073C231-6AE2-42FE-90CE-FFA2A58CA7FD}.Release|Any CPU.Build.0 = Release|Any CPU
		{4D40321F-2C3F-4ACB-8AE0-7A228DF0551B}.Debug|Any CPU.ActiveCfg = Debug|Any CPU
		{4D40321F-2C3F-4ACB-8AE0-7A228DF0551B}.Debug|Any CPU.Build.0 = Debug|Any CPU
		{4D40321F-2C3F-4ACB-8AE0-7A228DF0551B}.Release|Any CPU.ActiveCfg = Release|Any CPU
		{4D40321F-2C3F-4ACB-8AE0-7A228DF0551B}.Release|Any CPU.Build.0 = Release|Any CPU
		{7F7D9EE0-7263-4621-BA65-FC470B0F3C6B}.Debug|Any CPU.ActiveCfg = Debug|Any CPU
		{7F7D9EE0-7263-4621-BA65-FC470B0F3C6B}.Debug|Any CPU.Build.0 = Debug|Any CPU
		{7F7D9EE0-7263-4621-BA65-FC470B0F3C6B}.Release|Any CPU.ActiveCfg = Release|Any CPU
		{7F7D9EE0-7263-4621-BA65-FC470B0F3C6B}.Release|Any CPU.Build.0 = Release|Any CPU
		{04E5EDDB-8440-4BAD-9531-F87A3AC826FB}.Debug|Any CPU.ActiveCfg = Debug|Any CPU
		{04E5EDDB-8440-4BAD-9531-F87A3AC826FB}.Debug|Any CPU.Build.0 = Debug|Any CPU
		{04E5EDDB-8440-4BAD-9531-F87A3AC826FB}.Release|Any CPU.ActiveCfg = Release|Any CPU
		{04E5EDDB-8440-4BAD-9531-F87A3AC826FB}.Release|Any CPU.Build.0 = Release|Any CPU
		{4656C609-DBBA-4F6B-B16F-5E1A8C9D9858}.Debug|Any CPU.ActiveCfg = Debug|Any CPU
		{4656C609-DBBA-4F6B-B16F-5E1A8C9D9858}.Debug|Any CPU.Build.0 = Debug|Any CPU
		{4656C609-DBBA-4F6B-B16F-5E1A8C9D9858}.Release|Any CPU.ActiveCfg = Release|Any CPU
		{4656C609-DBBA-4F6B-B16F-5E1A8C9D9858}.Release|Any CPU.Build.0 = Release|Any CPU
		{95751DFC-B598-46B6-84BB-1B717567B886}.Debug|Any CPU.ActiveCfg = Debug|Any CPU
		{95751DFC-B598-46B6-84BB-1B717567B886}.Debug|Any CPU.Build.0 = Debug|Any CPU
		{95751DFC-B598-46B6-84BB-1B717567B886}.Release|Any CPU.ActiveCfg = Release|Any CPU
		{95751DFC-B598-46B6-84BB-1B717567B886}.Release|Any CPU.Build.0 = Release|Any CPU
		{F7925EED-65E6-4CA2-9B8D-B7036F6DB3E8}.Debug|Any CPU.ActiveCfg = Debug|Any CPU
		{F7925EED-65E6-4CA2-9B8D-B7036F6DB3E8}.Debug|Any CPU.Build.0 = Debug|Any CPU
		{F7925EED-65E6-4CA2-9B8D-B7036F6DB3E8}.Release|Any CPU.ActiveCfg = Release|Any CPU
		{F7925EED-65E6-4CA2-9B8D-B7036F6DB3E8}.Release|Any CPU.Build.0 = Release|Any CPU
		{D22C3F6D-434A-4F09-9EB2-B0433CC43642}.Debug|Any CPU.ActiveCfg = Debug|Any CPU
		{D22C3F6D-434A-4F09-9EB2-B0433CC43642}.Debug|Any CPU.Build.0 = Debug|Any CPU
		{D22C3F6D-434A-4F09-9EB2-B0433CC43642}.Release|Any CPU.ActiveCfg = Release|Any CPU
		{D22C3F6D-434A-4F09-9EB2-B0433CC43642}.Release|Any CPU.Build.0 = Release|Any CPU
		{78C9C726-BFAB-4B31-AFCB-5A229E69DC07}.Debug|Any CPU.ActiveCfg = Debug|Any CPU
		{78C9C726-BFAB-4B31-AFCB-5A229E69DC07}.Debug|Any CPU.Build.0 = Debug|Any CPU
		{78C9C726-BFAB-4B31-AFCB-5A229E69DC07}.Release|Any CPU.ActiveCfg = Release|Any CPU
		{78C9C726-BFAB-4B31-AFCB-5A229E69DC07}.Release|Any CPU.Build.0 = Release|Any CPU
		{257A0A17-5D13-4DA4-8E91-8A3BB2711F49}.Debug|Any CPU.ActiveCfg = Debug|Any CPU
		{257A0A17-5D13-4DA4-8E91-8A3BB2711F49}.Debug|Any CPU.Build.0 = Debug|Any CPU
		{257A0A17-5D13-4DA4-8E91-8A3BB2711F49}.Release|Any CPU.ActiveCfg = Release|Any CPU
		{257A0A17-5D13-4DA4-8E91-8A3BB2711F49}.Release|Any CPU.Build.0 = Release|Any CPU
		{9A2C7C42-086B-4482-828D-7B02D85372ED}.Debug|Any CPU.ActiveCfg = Debug|Any CPU
		{9A2C7C42-086B-4482-828D-7B02D85372ED}.Debug|Any CPU.Build.0 = Debug|Any CPU
		{9A2C7C42-086B-4482-828D-7B02D85372ED}.Release|Any CPU.ActiveCfg = Release|Any CPU
		{9A2C7C42-086B-4482-828D-7B02D85372ED}.Release|Any CPU.Build.0 = Release|Any CPU
		{661B88AE-6F83-437C-9A7E-C5C1A565E650}.Debug|Any CPU.ActiveCfg = Debug|Any CPU
		{661B88AE-6F83-437C-9A7E-C5C1A565E650}.Debug|Any CPU.Build.0 = Debug|Any CPU
		{661B88AE-6F83-437C-9A7E-C5C1A565E650}.Release|Any CPU.ActiveCfg = Release|Any CPU
		{661B88AE-6F83-437C-9A7E-C5C1A565E650}.Release|Any CPU.Build.0 = Release|Any CPU
		{C99E1554-5039-42BD-B1FD-93814FBEBE44}.Debug|Any CPU.ActiveCfg = Debug|Any CPU
		{C99E1554-5039-42BD-B1FD-93814FBEBE44}.Debug|Any CPU.Build.0 = Debug|Any CPU
		{C99E1554-5039-42BD-B1FD-93814FBEBE44}.Release|Any CPU.ActiveCfg = Release|Any CPU
		{C99E1554-5039-42BD-B1FD-93814FBEBE44}.Release|Any CPU.Build.0 = Release|Any CPU
		{25C83DA5-BD4A-4AFA-8747-A0D16CB70500}.Debug|Any CPU.ActiveCfg = Debug|Any CPU
		{25C83DA5-BD4A-4AFA-8747-A0D16CB70500}.Debug|Any CPU.Build.0 = Debug|Any CPU
		{25C83DA5-BD4A-4AFA-8747-A0D16CB70500}.Release|Any CPU.ActiveCfg = Release|Any CPU
		{25C83DA5-BD4A-4AFA-8747-A0D16CB70500}.Release|Any CPU.Build.0 = Release|Any CPU
		{EFADC714-F197-4286-9B41-1F9833C8DA1F}.Debug|Any CPU.ActiveCfg = Debug|Any CPU
		{EFADC714-F197-4286-9B41-1F9833C8DA1F}.Debug|Any CPU.Build.0 = Debug|Any CPU
		{EFADC714-F197-4286-9B41-1F9833C8DA1F}.Release|Any CPU.ActiveCfg = Release|Any CPU
		{EFADC714-F197-4286-9B41-1F9833C8DA1F}.Release|Any CPU.Build.0 = Release|Any CPU
		{60424AB5-356A-4623-B1FB-7560334C0BE0}.Debug|Any CPU.ActiveCfg = Debug|Any CPU
		{60424AB5-356A-4623-B1FB-7560334C0BE0}.Debug|Any CPU.Build.0 = Debug|Any CPU
		{60424AB5-356A-4623-B1FB-7560334C0BE0}.Release|Any CPU.ActiveCfg = Release|Any CPU
		{60424AB5-356A-4623-B1FB-7560334C0BE0}.Release|Any CPU.Build.0 = Release|Any CPU
		{C2A4E6AB-16B9-4457-9445-FFBF672DFBCF}.Debug|Any CPU.ActiveCfg = Debug|Any CPU
		{C2A4E6AB-16B9-4457-9445-FFBF672DFBCF}.Debug|Any CPU.Build.0 = Debug|Any CPU
		{C2A4E6AB-16B9-4457-9445-FFBF672DFBCF}.Release|Any CPU.ActiveCfg = Release|Any CPU
		{C2A4E6AB-16B9-4457-9445-FFBF672DFBCF}.Release|Any CPU.Build.0 = Release|Any CPU
		{347692CA-62B3-4DC3-A951-B9CE3B05CACD}.Debug|Any CPU.ActiveCfg = Debug|Any CPU
		{347692CA-62B3-4DC3-A951-B9CE3B05CACD}.Debug|Any CPU.Build.0 = Debug|Any CPU
		{347692CA-62B3-4DC3-A951-B9CE3B05CACD}.Release|Any CPU.ActiveCfg = Release|Any CPU
		{347692CA-62B3-4DC3-A951-B9CE3B05CACD}.Release|Any CPU.Build.0 = Release|Any CPU
		{AFB629C5-00C2-492C-8787-C66D810A24DB}.Debug|Any CPU.ActiveCfg = Debug|Any CPU
		{AFB629C5-00C2-492C-8787-C66D810A24DB}.Debug|Any CPU.Build.0 = Debug|Any CPU
		{AFB629C5-00C2-492C-8787-C66D810A24DB}.Release|Any CPU.ActiveCfg = Release|Any CPU
		{AFB629C5-00C2-492C-8787-C66D810A24DB}.Release|Any CPU.Build.0 = Release|Any CPU
		{9404B5FE-3431-4EC0-BCC6-42525FC5D1B8}.Debug|Any CPU.ActiveCfg = Debug|Any CPU
		{9404B5FE-3431-4EC0-BCC6-42525FC5D1B8}.Debug|Any CPU.Build.0 = Debug|Any CPU
		{9404B5FE-3431-4EC0-BCC6-42525FC5D1B8}.Release|Any CPU.ActiveCfg = Release|Any CPU
		{9404B5FE-3431-4EC0-BCC6-42525FC5D1B8}.Release|Any CPU.Build.0 = Release|Any CPU
		{EF7BDA1B-22E7-4F3D-97E0-16C9C10AA1B0}.Debug|Any CPU.ActiveCfg = Debug|Any CPU
		{EF7BDA1B-22E7-4F3D-97E0-16C9C10AA1B0}.Debug|Any CPU.Build.0 = Debug|Any CPU
		{EF7BDA1B-22E7-4F3D-97E0-16C9C10AA1B0}.Release|Any CPU.ActiveCfg = Release|Any CPU
		{EF7BDA1B-22E7-4F3D-97E0-16C9C10AA1B0}.Release|Any CPU.Build.0 = Release|Any CPU
		{B5305F08-3856-42B5-92D5-6FD446B39931}.Debug|Any CPU.ActiveCfg = Debug|Any CPU
		{B5305F08-3856-42B5-92D5-6FD446B39931}.Debug|Any CPU.Build.0 = Debug|Any CPU
		{B5305F08-3856-42B5-92D5-6FD446B39931}.Release|Any CPU.ActiveCfg = Release|Any CPU
		{B5305F08-3856-42B5-92D5-6FD446B39931}.Release|Any CPU.Build.0 = Release|Any CPU
		{88FE7642-27D9-4693-A130-706FCE46194A}.Debug|Any CPU.ActiveCfg = Debug|Any CPU
		{88FE7642-27D9-4693-A130-706FCE46194A}.Debug|Any CPU.Build.0 = Debug|Any CPU
		{88FE7642-27D9-4693-A130-706FCE46194A}.Release|Any CPU.ActiveCfg = Release|Any CPU
		{88FE7642-27D9-4693-A130-706FCE46194A}.Release|Any CPU.Build.0 = Release|Any CPU
		{CA43B145-9DF2-49D3-9371-B88BFB0E846A}.Debug|Any CPU.ActiveCfg = Debug|Any CPU
		{CA43B145-9DF2-49D3-9371-B88BFB0E846A}.Debug|Any CPU.Build.0 = Debug|Any CPU
		{CA43B145-9DF2-49D3-9371-B88BFB0E846A}.Release|Any CPU.ActiveCfg = Release|Any CPU
		{CA43B145-9DF2-49D3-9371-B88BFB0E846A}.Release|Any CPU.Build.0 = Release|Any CPU
		{95842BB6-559E-4317-B1E9-FF19D39ADA24}.Debug|Any CPU.ActiveCfg = Debug|Any CPU
		{95842BB6-559E-4317-B1E9-FF19D39ADA24}.Debug|Any CPU.Build.0 = Debug|Any CPU
		{95842BB6-559E-4317-B1E9-FF19D39ADA24}.Release|Any CPU.ActiveCfg = Release|Any CPU
		{95842BB6-559E-4317-B1E9-FF19D39ADA24}.Release|Any CPU.Build.0 = Release|Any CPU
		{3DE7DD7A-8500-46C9-91A1-A65DB60E0235}.Debug|Any CPU.ActiveCfg = Debug|Any CPU
		{3DE7DD7A-8500-46C9-91A1-A65DB60E0235}.Debug|Any CPU.Build.0 = Debug|Any CPU
		{3DE7DD7A-8500-46C9-91A1-A65DB60E0235}.Release|Any CPU.ActiveCfg = Release|Any CPU
		{3DE7DD7A-8500-46C9-91A1-A65DB60E0235}.Release|Any CPU.Build.0 = Release|Any CPU
		{8618EE3F-F120-4AEA-8A77-F7BD5DCCB888}.Debug|Any CPU.ActiveCfg = Debug|Any CPU
		{8618EE3F-F120-4AEA-8A77-F7BD5DCCB888}.Debug|Any CPU.Build.0 = Debug|Any CPU
		{8618EE3F-F120-4AEA-8A77-F7BD5DCCB888}.Release|Any CPU.ActiveCfg = Release|Any CPU
		{8618EE3F-F120-4AEA-8A77-F7BD5DCCB888}.Release|Any CPU.Build.0 = Release|Any CPU
		{577A7F6F-4836-4811-B715-32573127BDB3}.Debug|Any CPU.ActiveCfg = Debug|Any CPU
		{577A7F6F-4836-4811-B715-32573127BDB3}.Debug|Any CPU.Build.0 = Debug|Any CPU
		{577A7F6F-4836-4811-B715-32573127BDB3}.Release|Any CPU.ActiveCfg = Release|Any CPU
		{577A7F6F-4836-4811-B715-32573127BDB3}.Release|Any CPU.Build.0 = Release|Any CPU
		{04EA7A93-CDC7-4C68-815D-699180D99DCE}.Debug|Any CPU.ActiveCfg = Debug|Any CPU
		{04EA7A93-CDC7-4C68-815D-699180D99DCE}.Debug|Any CPU.Build.0 = Debug|Any CPU
		{04EA7A93-CDC7-4C68-815D-699180D99DCE}.Release|Any CPU.ActiveCfg = Release|Any CPU
		{04EA7A93-CDC7-4C68-815D-699180D99DCE}.Release|Any CPU.Build.0 = Release|Any CPU
		{A1186FB9-FB77-427C-9AEC-55E48A8D046A}.Debug|Any CPU.ActiveCfg = Debug|Any CPU
		{A1186FB9-FB77-427C-9AEC-55E48A8D046A}.Debug|Any CPU.Build.0 = Debug|Any CPU
		{A1186FB9-FB77-427C-9AEC-55E48A8D046A}.Release|Any CPU.ActiveCfg = Release|Any CPU
		{A1186FB9-FB77-427C-9AEC-55E48A8D046A}.Release|Any CPU.Build.0 = Release|Any CPU
		{9960FA8A-98C1-45FB-8A09-33CA183AA140}.Debug|Any CPU.ActiveCfg = Debug|Any CPU
		{9960FA8A-98C1-45FB-8A09-33CA183AA140}.Debug|Any CPU.Build.0 = Debug|Any CPU
		{9960FA8A-98C1-45FB-8A09-33CA183AA140}.Release|Any CPU.ActiveCfg = Release|Any CPU
		{9960FA8A-98C1-45FB-8A09-33CA183AA140}.Release|Any CPU.Build.0 = Release|Any CPU
		{1855CAB7-6379-47A4-A0A4-F890C6C46403}.Debug|Any CPU.ActiveCfg = Debug|Any CPU
		{1855CAB7-6379-47A4-A0A4-F890C6C46403}.Debug|Any CPU.Build.0 = Debug|Any CPU
		{1855CAB7-6379-47A4-A0A4-F890C6C46403}.Release|Any CPU.ActiveCfg = Release|Any CPU
		{1855CAB7-6379-47A4-A0A4-F890C6C46403}.Release|Any CPU.Build.0 = Release|Any CPU
		{C43539A5-8343-4381-B2FD-5323323F1DB6}.Debug|Any CPU.ActiveCfg = Debug|Any CPU
		{C43539A5-8343-4381-B2FD-5323323F1DB6}.Debug|Any CPU.Build.0 = Debug|Any CPU
		{C43539A5-8343-4381-B2FD-5323323F1DB6}.Release|Any CPU.ActiveCfg = Release|Any CPU
		{C43539A5-8343-4381-B2FD-5323323F1DB6}.Release|Any CPU.Build.0 = Release|Any CPU
		{D3C326CD-F1F1-4E06-962D-47F6C8090DEE}.Debug|Any CPU.ActiveCfg = Debug|Any CPU
		{D3C326CD-F1F1-4E06-962D-47F6C8090DEE}.Debug|Any CPU.Build.0 = Debug|Any CPU
		{D3C326CD-F1F1-4E06-962D-47F6C8090DEE}.Release|Any CPU.ActiveCfg = Release|Any CPU
		{D3C326CD-F1F1-4E06-962D-47F6C8090DEE}.Release|Any CPU.Build.0 = Release|Any CPU
		{13690AB8-9AA4-4936-A25F-7AF1AE3D4ED0}.Debug|Any CPU.ActiveCfg = Debug|Any CPU
		{13690AB8-9AA4-4936-A25F-7AF1AE3D4ED0}.Debug|Any CPU.Build.0 = Debug|Any CPU
		{13690AB8-9AA4-4936-A25F-7AF1AE3D4ED0}.Release|Any CPU.ActiveCfg = Release|Any CPU
		{13690AB8-9AA4-4936-A25F-7AF1AE3D4ED0}.Release|Any CPU.Build.0 = Release|Any CPU
		{244A930D-5B84-4CBC-A3A7-7E8DE1E603D6}.Debug|Any CPU.ActiveCfg = Debug|Any CPU
		{244A930D-5B84-4CBC-A3A7-7E8DE1E603D6}.Debug|Any CPU.Build.0 = Debug|Any CPU
		{244A930D-5B84-4CBC-A3A7-7E8DE1E603D6}.Release|Any CPU.ActiveCfg = Release|Any CPU
		{244A930D-5B84-4CBC-A3A7-7E8DE1E603D6}.Release|Any CPU.Build.0 = Release|Any CPU
		{0EDF10D7-D6D6-48E2-AC0C-BA6D814CB633}.Debug|Any CPU.ActiveCfg = Debug|Any CPU
		{0EDF10D7-D6D6-48E2-AC0C-BA6D814CB633}.Debug|Any CPU.Build.0 = Debug|Any CPU
		{0EDF10D7-D6D6-48E2-AC0C-BA6D814CB633}.Release|Any CPU.ActiveCfg = Release|Any CPU
		{0EDF10D7-D6D6-48E2-AC0C-BA6D814CB633}.Release|Any CPU.Build.0 = Release|Any CPU
		{05D8A63F-B3E1-4A5E-AA66-337BCF8840C1}.Debug|Any CPU.ActiveCfg = Debug|Any CPU
		{05D8A63F-B3E1-4A5E-AA66-337BCF8840C1}.Debug|Any CPU.Build.0 = Debug|Any CPU
		{05D8A63F-B3E1-4A5E-AA66-337BCF8840C1}.Release|Any CPU.ActiveCfg = Release|Any CPU
		{05D8A63F-B3E1-4A5E-AA66-337BCF8840C1}.Release|Any CPU.Build.0 = Release|Any CPU
		{3993A838-71C9-49C5-80B3-16CC48A5F5C9}.Debug|Any CPU.ActiveCfg = Debug|Any CPU
		{3993A838-71C9-49C5-80B3-16CC48A5F5C9}.Debug|Any CPU.Build.0 = Debug|Any CPU
		{3993A838-71C9-49C5-80B3-16CC48A5F5C9}.Release|Any CPU.ActiveCfg = Release|Any CPU
		{3993A838-71C9-49C5-80B3-16CC48A5F5C9}.Release|Any CPU.Build.0 = Release|Any CPU
		{D785A240-1115-41C8-943E-5058161D6478}.Debug|Any CPU.ActiveCfg = Debug|Any CPU
		{D785A240-1115-41C8-943E-5058161D6478}.Debug|Any CPU.Build.0 = Debug|Any CPU
		{D785A240-1115-41C8-943E-5058161D6478}.Release|Any CPU.ActiveCfg = Release|Any CPU
		{D785A240-1115-41C8-943E-5058161D6478}.Release|Any CPU.Build.0 = Release|Any CPU
		{B1952639-773B-4C82-9D95-7CB4ED8AC59E}.Debug|Any CPU.ActiveCfg = Debug|Any CPU
		{B1952639-773B-4C82-9D95-7CB4ED8AC59E}.Debug|Any CPU.Build.0 = Debug|Any CPU
		{B1952639-773B-4C82-9D95-7CB4ED8AC59E}.Release|Any CPU.ActiveCfg = Release|Any CPU
		{B1952639-773B-4C82-9D95-7CB4ED8AC59E}.Release|Any CPU.Build.0 = Release|Any CPU
		{29792C72-565A-46DF-B887-494AC5352818}.Debug|Any CPU.ActiveCfg = Debug|Any CPU
		{29792C72-565A-46DF-B887-494AC5352818}.Debug|Any CPU.Build.0 = Debug|Any CPU
		{29792C72-565A-46DF-B887-494AC5352818}.Release|Any CPU.ActiveCfg = Release|Any CPU
		{29792C72-565A-46DF-B887-494AC5352818}.Release|Any CPU.Build.0 = Release|Any CPU
		{C57D22E0-075B-4F27-87F1-E6CF5F203975}.Debug|Any CPU.ActiveCfg = Debug|Any CPU
		{C57D22E0-075B-4F27-87F1-E6CF5F203975}.Debug|Any CPU.Build.0 = Debug|Any CPU
		{C57D22E0-075B-4F27-87F1-E6CF5F203975}.Release|Any CPU.ActiveCfg = Release|Any CPU
		{C57D22E0-075B-4F27-87F1-E6CF5F203975}.Release|Any CPU.Build.0 = Release|Any CPU
		{B9B66159-4FC7-4F94-8C21-ADC8CCED84F4}.Debug|Any CPU.ActiveCfg = Debug|Any CPU
		{B9B66159-4FC7-4F94-8C21-ADC8CCED84F4}.Debug|Any CPU.Build.0 = Debug|Any CPU
		{B9B66159-4FC7-4F94-8C21-ADC8CCED84F4}.Release|Any CPU.ActiveCfg = Release|Any CPU
		{B9B66159-4FC7-4F94-8C21-ADC8CCED84F4}.Release|Any CPU.Build.0 = Release|Any CPU
		{24FFA5F1-37CD-408B-80A9-006B5A6E11E8}.Debug|Any CPU.ActiveCfg = Debug|Any CPU
		{24FFA5F1-37CD-408B-80A9-006B5A6E11E8}.Debug|Any CPU.Build.0 = Debug|Any CPU
		{24FFA5F1-37CD-408B-80A9-006B5A6E11E8}.Release|Any CPU.ActiveCfg = Release|Any CPU
		{24FFA5F1-37CD-408B-80A9-006B5A6E11E8}.Release|Any CPU.Build.0 = Release|Any CPU
		{6FE28297-B958-4BC5-A320-A531874D7F58}.Debug|Any CPU.ActiveCfg = Debug|Any CPU
		{6FE28297-B958-4BC5-A320-A531874D7F58}.Debug|Any CPU.Build.0 = Debug|Any CPU
		{6FE28297-B958-4BC5-A320-A531874D7F58}.Release|Any CPU.ActiveCfg = Release|Any CPU
		{6FE28297-B958-4BC5-A320-A531874D7F58}.Release|Any CPU.Build.0 = Release|Any CPU
		{838A27C6-F125-4C61-923E-7C855B598FBD}.Debug|Any CPU.ActiveCfg = Debug|Any CPU
		{838A27C6-F125-4C61-923E-7C855B598FBD}.Debug|Any CPU.Build.0 = Debug|Any CPU
		{838A27C6-F125-4C61-923E-7C855B598FBD}.Release|Any CPU.ActiveCfg = Release|Any CPU
		{838A27C6-F125-4C61-923E-7C855B598FBD}.Release|Any CPU.Build.0 = Release|Any CPU
		{FDE43241-3C82-4005-87B3-FD1349FEF4B6}.Debug|Any CPU.ActiveCfg = Debug|Any CPU
		{FDE43241-3C82-4005-87B3-FD1349FEF4B6}.Debug|Any CPU.Build.0 = Debug|Any CPU
		{FDE43241-3C82-4005-87B3-FD1349FEF4B6}.Release|Any CPU.ActiveCfg = Release|Any CPU
		{FDE43241-3C82-4005-87B3-FD1349FEF4B6}.Release|Any CPU.Build.0 = Release|Any CPU
		{878A2744-5122-48A7-90E6-7D8CFABC29FD}.Debug|Any CPU.ActiveCfg = Debug|Any CPU
		{878A2744-5122-48A7-90E6-7D8CFABC29FD}.Debug|Any CPU.Build.0 = Debug|Any CPU
		{878A2744-5122-48A7-90E6-7D8CFABC29FD}.Release|Any CPU.ActiveCfg = Release|Any CPU
		{878A2744-5122-48A7-90E6-7D8CFABC29FD}.Release|Any CPU.Build.0 = Release|Any CPU
		{0C464725-DEDC-4894-84A3-7A155E43818B}.Debug|Any CPU.ActiveCfg = Debug|Any CPU
		{0C464725-DEDC-4894-84A3-7A155E43818B}.Debug|Any CPU.Build.0 = Debug|Any CPU
		{0C464725-DEDC-4894-84A3-7A155E43818B}.Release|Any CPU.ActiveCfg = Release|Any CPU
		{0C464725-DEDC-4894-84A3-7A155E43818B}.Release|Any CPU.Build.0 = Release|Any CPU
		{AC831843-CDE2-4B67-8BC5-8F2A0D09B273}.Debug|Any CPU.ActiveCfg = Debug|Any CPU
		{AC831843-CDE2-4B67-8BC5-8F2A0D09B273}.Debug|Any CPU.Build.0 = Debug|Any CPU
		{AC831843-CDE2-4B67-8BC5-8F2A0D09B273}.Release|Any CPU.ActiveCfg = Release|Any CPU
		{AC831843-CDE2-4B67-8BC5-8F2A0D09B273}.Release|Any CPU.Build.0 = Release|Any CPU
		{2BE691A3-19C0-4FCF-85D2-D2371C9462C6}.Debug|Any CPU.ActiveCfg = Debug|Any CPU
		{2BE691A3-19C0-4FCF-85D2-D2371C9462C6}.Debug|Any CPU.Build.0 = Debug|Any CPU
		{2BE691A3-19C0-4FCF-85D2-D2371C9462C6}.Release|Any CPU.ActiveCfg = Release|Any CPU
		{2BE691A3-19C0-4FCF-85D2-D2371C9462C6}.Release|Any CPU.Build.0 = Release|Any CPU
		{B140F739-EC51-4265-B4B8-59467606E6EE}.Debug|Any CPU.ActiveCfg = Debug|Any CPU
		{B140F739-EC51-4265-B4B8-59467606E6EE}.Debug|Any CPU.Build.0 = Debug|Any CPU
		{B140F739-EC51-4265-B4B8-59467606E6EE}.Release|Any CPU.ActiveCfg = Release|Any CPU
		{B140F739-EC51-4265-B4B8-59467606E6EE}.Release|Any CPU.Build.0 = Release|Any CPU
		{00E8EE51-A263-4971-9431-C4A2DEA4993A}.Debug|Any CPU.ActiveCfg = Debug|Any CPU
		{00E8EE51-A263-4971-9431-C4A2DEA4993A}.Debug|Any CPU.Build.0 = Debug|Any CPU
		{00E8EE51-A263-4971-9431-C4A2DEA4993A}.Release|Any CPU.ActiveCfg = Release|Any CPU
		{00E8EE51-A263-4971-9431-C4A2DEA4993A}.Release|Any CPU.Build.0 = Release|Any CPU
		{6B2BA282-5C97-4A71-885F-E5259274F714}.Debug|Any CPU.ActiveCfg = Debug|Any CPU
		{6B2BA282-5C97-4A71-885F-E5259274F714}.Debug|Any CPU.Build.0 = Debug|Any CPU
		{6B2BA282-5C97-4A71-885F-E5259274F714}.Release|Any CPU.ActiveCfg = Release|Any CPU
		{6B2BA282-5C97-4A71-885F-E5259274F714}.Release|Any CPU.Build.0 = Release|Any CPU
		{05CF624D-F42E-461A-A21D-41BEE0CCEB5C}.Debug|Any CPU.ActiveCfg = Debug|Any CPU
		{05CF624D-F42E-461A-A21D-41BEE0CCEB5C}.Debug|Any CPU.Build.0 = Debug|Any CPU
		{05CF624D-F42E-461A-A21D-41BEE0CCEB5C}.Release|Any CPU.ActiveCfg = Release|Any CPU
		{05CF624D-F42E-461A-A21D-41BEE0CCEB5C}.Release|Any CPU.Build.0 = Release|Any CPU
		{C4A782C1-AA25-476B-B936-90433422D0A2}.Debug|Any CPU.ActiveCfg = Debug|Any CPU
		{C4A782C1-AA25-476B-B936-90433422D0A2}.Debug|Any CPU.Build.0 = Debug|Any CPU
		{C4A782C1-AA25-476B-B936-90433422D0A2}.Release|Any CPU.ActiveCfg = Release|Any CPU
		{C4A782C1-AA25-476B-B936-90433422D0A2}.Release|Any CPU.Build.0 = Release|Any CPU
		{D9E411DD-58B1-4160-8025-068D43ADE72C}.Debug|Any CPU.ActiveCfg = Debug|Any CPU
		{D9E411DD-58B1-4160-8025-068D43ADE72C}.Debug|Any CPU.Build.0 = Debug|Any CPU
		{D9E411DD-58B1-4160-8025-068D43ADE72C}.Release|Any CPU.ActiveCfg = Release|Any CPU
		{D9E411DD-58B1-4160-8025-068D43ADE72C}.Release|Any CPU.Build.0 = Release|Any CPU
		{B2AADB36-8433-4EDB-B247-49A3EA82FE06}.Debug|Any CPU.ActiveCfg = Debug|Any CPU
		{B2AADB36-8433-4EDB-B247-49A3EA82FE06}.Debug|Any CPU.Build.0 = Debug|Any CPU
		{B2AADB36-8433-4EDB-B247-49A3EA82FE06}.Release|Any CPU.ActiveCfg = Release|Any CPU
		{B2AADB36-8433-4EDB-B247-49A3EA82FE06}.Release|Any CPU.Build.0 = Release|Any CPU
		{40F2A962-6209-42D0-9F21-CEACB411007B}.Debug|Any CPU.ActiveCfg = Debug|Any CPU
		{40F2A962-6209-42D0-9F21-CEACB411007B}.Debug|Any CPU.Build.0 = Debug|Any CPU
		{40F2A962-6209-42D0-9F21-CEACB411007B}.Release|Any CPU.ActiveCfg = Release|Any CPU
		{40F2A962-6209-42D0-9F21-CEACB411007B}.Release|Any CPU.Build.0 = Release|Any CPU
		{4170A699-C110-4136-92EA-D2BFEBF68230}.Debug|Any CPU.ActiveCfg = Debug|Any CPU
		{4170A699-C110-4136-92EA-D2BFEBF68230}.Debug|Any CPU.Build.0 = Debug|Any CPU
		{4170A699-C110-4136-92EA-D2BFEBF68230}.Release|Any CPU.ActiveCfg = Release|Any CPU
		{4170A699-C110-4136-92EA-D2BFEBF68230}.Release|Any CPU.Build.0 = Release|Any CPU
		{78B9EC26-ADC5-4934-9F31-000D4D678121}.Debug|Any CPU.ActiveCfg = Debug|Any CPU
		{78B9EC26-ADC5-4934-9F31-000D4D678121}.Debug|Any CPU.Build.0 = Debug|Any CPU
		{78B9EC26-ADC5-4934-9F31-000D4D678121}.Release|Any CPU.ActiveCfg = Release|Any CPU
		{78B9EC26-ADC5-4934-9F31-000D4D678121}.Release|Any CPU.Build.0 = Release|Any CPU
		{027B0175-2D22-4168-A0B4-1E0DC5BE2A61}.Debug|Any CPU.ActiveCfg = Debug|Any CPU
		{027B0175-2D22-4168-A0B4-1E0DC5BE2A61}.Debug|Any CPU.Build.0 = Debug|Any CPU
		{027B0175-2D22-4168-A0B4-1E0DC5BE2A61}.Release|Any CPU.ActiveCfg = Release|Any CPU
		{027B0175-2D22-4168-A0B4-1E0DC5BE2A61}.Release|Any CPU.Build.0 = Release|Any CPU
		{EA4C219B-D00A-4BDB-A787-A79FA9611303}.Debug|Any CPU.ActiveCfg = Debug|Any CPU
		{EA4C219B-D00A-4BDB-A787-A79FA9611303}.Debug|Any CPU.Build.0 = Debug|Any CPU
		{EA4C219B-D00A-4BDB-A787-A79FA9611303}.Release|Any CPU.ActiveCfg = Release|Any CPU
		{EA4C219B-D00A-4BDB-A787-A79FA9611303}.Release|Any CPU.Build.0 = Release|Any CPU
		{B40CD480-D4A0-4A43-B855-0CD84EC537CC}.Debug|Any CPU.ActiveCfg = Debug|Any CPU
		{B40CD480-D4A0-4A43-B855-0CD84EC537CC}.Debug|Any CPU.Build.0 = Debug|Any CPU
		{B40CD480-D4A0-4A43-B855-0CD84EC537CC}.Release|Any CPU.ActiveCfg = Release|Any CPU
		{B40CD480-D4A0-4A43-B855-0CD84EC537CC}.Release|Any CPU.Build.0 = Release|Any CPU
		{C3C7C037-B5B6-4CE0-BC02-820667D74F60}.Debug|Any CPU.ActiveCfg = Debug|Any CPU
		{C3C7C037-B5B6-4CE0-BC02-820667D74F60}.Debug|Any CPU.Build.0 = Debug|Any CPU
		{C3C7C037-B5B6-4CE0-BC02-820667D74F60}.Release|Any CPU.ActiveCfg = Release|Any CPU
		{C3C7C037-B5B6-4CE0-BC02-820667D74F60}.Release|Any CPU.Build.0 = Release|Any CPU
		{48F77D8F-60AE-4173-BA74-FC2E0B3578BB}.Debug|Any CPU.ActiveCfg = Debug|Any CPU
		{48F77D8F-60AE-4173-BA74-FC2E0B3578BB}.Debug|Any CPU.Build.0 = Debug|Any CPU
		{48F77D8F-60AE-4173-BA74-FC2E0B3578BB}.Release|Any CPU.ActiveCfg = Release|Any CPU
		{48F77D8F-60AE-4173-BA74-FC2E0B3578BB}.Release|Any CPU.Build.0 = Release|Any CPU
		{4E12B03E-D607-492E-BB28-96235993A39F}.Debug|Any CPU.ActiveCfg = Debug|Any CPU
		{4E12B03E-D607-492E-BB28-96235993A39F}.Debug|Any CPU.Build.0 = Debug|Any CPU
		{4E12B03E-D607-492E-BB28-96235993A39F}.Release|Any CPU.ActiveCfg = Release|Any CPU
		{4E12B03E-D607-492E-BB28-96235993A39F}.Release|Any CPU.Build.0 = Release|Any CPU
		{D2F38ACB-7158-4DE0-BDEA-B13E3D52A655}.Debug|Any CPU.ActiveCfg = Debug|Any CPU
		{D2F38ACB-7158-4DE0-BDEA-B13E3D52A655}.Debug|Any CPU.Build.0 = Debug|Any CPU
		{D2F38ACB-7158-4DE0-BDEA-B13E3D52A655}.Release|Any CPU.ActiveCfg = Release|Any CPU
		{D2F38ACB-7158-4DE0-BDEA-B13E3D52A655}.Release|Any CPU.Build.0 = Release|Any CPU
		{1272E006-8D8B-46B5-AD18-2E31CA9C6CBD}.Debug|Any CPU.ActiveCfg = Debug|Any CPU
		{1272E006-8D8B-46B5-AD18-2E31CA9C6CBD}.Debug|Any CPU.Build.0 = Debug|Any CPU
		{1272E006-8D8B-46B5-AD18-2E31CA9C6CBD}.Release|Any CPU.ActiveCfg = Release|Any CPU
		{1272E006-8D8B-46B5-AD18-2E31CA9C6CBD}.Release|Any CPU.Build.0 = Release|Any CPU
		{E0D77981-E412-477D-B866-E43F055CAAFC}.Debug|Any CPU.ActiveCfg = Debug|Any CPU
		{E0D77981-E412-477D-B866-E43F055CAAFC}.Debug|Any CPU.Build.0 = Debug|Any CPU
		{E0D77981-E412-477D-B866-E43F055CAAFC}.Release|Any CPU.ActiveCfg = Release|Any CPU
		{E0D77981-E412-477D-B866-E43F055CAAFC}.Release|Any CPU.Build.0 = Release|Any CPU
		{66B96C01-6A08-4C7A-B5F5-A0489D8BBB47}.Debug|Any CPU.ActiveCfg = Debug|Any CPU
		{66B96C01-6A08-4C7A-B5F5-A0489D8BBB47}.Debug|Any CPU.Build.0 = Debug|Any CPU
		{66B96C01-6A08-4C7A-B5F5-A0489D8BBB47}.Release|Any CPU.ActiveCfg = Release|Any CPU
		{66B96C01-6A08-4C7A-B5F5-A0489D8BBB47}.Release|Any CPU.Build.0 = Release|Any CPU
		{8BC69296-3C9A-45B3-B6C3-3DD575027CCD}.Debug|Any CPU.ActiveCfg = Debug|Any CPU
		{8BC69296-3C9A-45B3-B6C3-3DD575027CCD}.Debug|Any CPU.Build.0 = Debug|Any CPU
		{8BC69296-3C9A-45B3-B6C3-3DD575027CCD}.Release|Any CPU.ActiveCfg = Release|Any CPU
		{8BC69296-3C9A-45B3-B6C3-3DD575027CCD}.Release|Any CPU.Build.0 = Release|Any CPU
		{B25D3B7A-AEAA-4EFB-9839-7C6E3F7C24BB}.Debug|Any CPU.ActiveCfg = Debug|Any CPU
		{B25D3B7A-AEAA-4EFB-9839-7C6E3F7C24BB}.Debug|Any CPU.Build.0 = Debug|Any CPU
		{B25D3B7A-AEAA-4EFB-9839-7C6E3F7C24BB}.Release|Any CPU.ActiveCfg = Release|Any CPU
		{B25D3B7A-AEAA-4EFB-9839-7C6E3F7C24BB}.Release|Any CPU.Build.0 = Release|Any CPU
		{22305349-51C7-4D80-A538-C7C0F4495895}.Debug|Any CPU.ActiveCfg = Debug|Any CPU
		{22305349-51C7-4D80-A538-C7C0F4495895}.Debug|Any CPU.Build.0 = Debug|Any CPU
		{22305349-51C7-4D80-A538-C7C0F4495895}.Release|Any CPU.ActiveCfg = Release|Any CPU
		{22305349-51C7-4D80-A538-C7C0F4495895}.Release|Any CPU.Build.0 = Release|Any CPU
		{5921A7FA-8C70-49A9-82E1-BE3FA5B50C33}.Debug|Any CPU.ActiveCfg = Debug|Any CPU
		{5921A7FA-8C70-49A9-82E1-BE3FA5B50C33}.Debug|Any CPU.Build.0 = Debug|Any CPU
		{5921A7FA-8C70-49A9-82E1-BE3FA5B50C33}.Release|Any CPU.ActiveCfg = Release|Any CPU
		{5921A7FA-8C70-49A9-82E1-BE3FA5B50C33}.Release|Any CPU.Build.0 = Release|Any CPU
		{599BAD8E-DB56-4967-8DDE-74BD21DA2B49}.Debug|Any CPU.ActiveCfg = Debug|Any CPU
		{599BAD8E-DB56-4967-8DDE-74BD21DA2B49}.Debug|Any CPU.Build.0 = Debug|Any CPU
		{599BAD8E-DB56-4967-8DDE-74BD21DA2B49}.Release|Any CPU.ActiveCfg = Release|Any CPU
		{599BAD8E-DB56-4967-8DDE-74BD21DA2B49}.Release|Any CPU.Build.0 = Release|Any CPU
		{75A31AAB-B7E6-4F13-9B7A-B74216B2EDDE}.Debug|Any CPU.ActiveCfg = Debug|Any CPU
		{75A31AAB-B7E6-4F13-9B7A-B74216B2EDDE}.Debug|Any CPU.Build.0 = Debug|Any CPU
		{75A31AAB-B7E6-4F13-9B7A-B74216B2EDDE}.Release|Any CPU.ActiveCfg = Release|Any CPU
		{75A31AAB-B7E6-4F13-9B7A-B74216B2EDDE}.Release|Any CPU.Build.0 = Release|Any CPU
		{36990D32-6F41-44A6-BB88-A3F15E12C35B}.Debug|Any CPU.ActiveCfg = Debug|Any CPU
		{36990D32-6F41-44A6-BB88-A3F15E12C35B}.Debug|Any CPU.Build.0 = Debug|Any CPU
		{36990D32-6F41-44A6-BB88-A3F15E12C35B}.Release|Any CPU.ActiveCfg = Release|Any CPU
		{36990D32-6F41-44A6-BB88-A3F15E12C35B}.Release|Any CPU.Build.0 = Release|Any CPU
		{21831A4F-B3C9-40E7-855B-75F9D679FF55}.Debug|Any CPU.ActiveCfg = Debug|Any CPU
		{21831A4F-B3C9-40E7-855B-75F9D679FF55}.Debug|Any CPU.Build.0 = Debug|Any CPU
		{21831A4F-B3C9-40E7-855B-75F9D679FF55}.Release|Any CPU.ActiveCfg = Release|Any CPU
		{21831A4F-B3C9-40E7-855B-75F9D679FF55}.Release|Any CPU.Build.0 = Release|Any CPU
		{5996F536-14B9-4F95-A18B-716E5F7EE478}.Debug|Any CPU.ActiveCfg = Debug|Any CPU
		{5996F536-14B9-4F95-A18B-716E5F7EE478}.Debug|Any CPU.Build.0 = Debug|Any CPU
		{5996F536-14B9-4F95-A18B-716E5F7EE478}.Release|Any CPU.ActiveCfg = Release|Any CPU
		{5996F536-14B9-4F95-A18B-716E5F7EE478}.Release|Any CPU.Build.0 = Release|Any CPU
		{89ADBA29-42CD-4D17-8987-4D1233C1083C}.Debug|Any CPU.ActiveCfg = Debug|Any CPU
		{89ADBA29-42CD-4D17-8987-4D1233C1083C}.Debug|Any CPU.Build.0 = Debug|Any CPU
		{89ADBA29-42CD-4D17-8987-4D1233C1083C}.Release|Any CPU.ActiveCfg = Release|Any CPU
		{89ADBA29-42CD-4D17-8987-4D1233C1083C}.Release|Any CPU.Build.0 = Release|Any CPU
		{6FC29D15-7581-4E29-9897-76DC5AEF2042}.Debug|Any CPU.ActiveCfg = Debug|Any CPU
		{6FC29D15-7581-4E29-9897-76DC5AEF2042}.Debug|Any CPU.Build.0 = Debug|Any CPU
		{6FC29D15-7581-4E29-9897-76DC5AEF2042}.Release|Any CPU.ActiveCfg = Release|Any CPU
		{6FC29D15-7581-4E29-9897-76DC5AEF2042}.Release|Any CPU.Build.0 = Release|Any CPU
		{3E81F8D0-06C7-4FD4-A5B0-E3D96E909646}.Debug|Any CPU.ActiveCfg = Debug|Any CPU
		{3E81F8D0-06C7-4FD4-A5B0-E3D96E909646}.Debug|Any CPU.Build.0 = Debug|Any CPU
		{3E81F8D0-06C7-4FD4-A5B0-E3D96E909646}.Release|Any CPU.ActiveCfg = Release|Any CPU
		{3E81F8D0-06C7-4FD4-A5B0-E3D96E909646}.Release|Any CPU.Build.0 = Release|Any CPU
		{AB2D6B9A-0EC8-402B-849A-95E826B09AB3}.Debug|Any CPU.ActiveCfg = Debug|Any CPU
		{AB2D6B9A-0EC8-402B-849A-95E826B09AB3}.Debug|Any CPU.Build.0 = Debug|Any CPU
		{AB2D6B9A-0EC8-402B-849A-95E826B09AB3}.Release|Any CPU.ActiveCfg = Release|Any CPU
		{AB2D6B9A-0EC8-402B-849A-95E826B09AB3}.Release|Any CPU.Build.0 = Release|Any CPU
	EndGlobalSection
	GlobalSection(SolutionProperties) = preSolution
		HideSolutionNode = FALSE
	EndGlobalSection
	GlobalSection(NestedProjects) = preSolution
		{345739E2-E20C-4B1F-B1B2-725006FC9F72} = {C01B9930-D67F-41C5-90C9-C87DC53F39CB}
		{12539757-7371-455D-B86B-DAF22F2DEE4E} = {0D42DE24-8D3C-4BE1-BAAE-7543281C3113}
		{5F1A7144-C954-4B47-B1FF-820FEA9B6B61} = {345739E2-E20C-4B1F-B1B2-725006FC9F72}
		{1E50F81A-FBFF-4873-9731-FA8835A51080} = {9BFB5DBE-8F64-45A9-BDB2-BAD91D44A4C5}
		{354B3720-D050-487D-A46A-22BCFEE56D43} = {C01B9930-D67F-41C5-90C9-C87DC53F39CB}
		{5F7ACBE4-A1D8-4680-AA86-B87F8494BAC2} = {354B3720-D050-487D-A46A-22BCFEE56D43}
		{BA79977F-6DCE-4787-9A0D-AF5E61EBC177} = {354B3720-D050-487D-A46A-22BCFEE56D43}
		{2B56E8AA-4DAB-4A70-9439-ED16470C0BFE} = {DE39BB20-AE82-47C3-9141-8CFD4C673217}
		{9BFB5DBE-8F64-45A9-BDB2-BAD91D44A4C5} = {E6328DC1-C8F0-4DC6-941F-C6CAFFF783DF}
		{DE39BB20-AE82-47C3-9141-8CFD4C673217} = {E6328DC1-C8F0-4DC6-941F-C6CAFFF783DF}
		{766CAB38-F064-419F-837B-D6DA8B61AF66} = {DE39BB20-AE82-47C3-9141-8CFD4C673217}
		{E8481A4C-0C24-4418-A2C1-742877BE4F0D} = {354B3720-D050-487D-A46A-22BCFEE56D43}
		{21064598-1418-422E-BA37-8EC09541DFC1} = {9BFB5DBE-8F64-45A9-BDB2-BAD91D44A4C5}
		{08EF3E38-E0C3-4E18-984C-3216CB6E8897} = {345739E2-E20C-4B1F-B1B2-725006FC9F72}
		{12C94395-09F1-42E4-8CE1-6E54D3FEBAA6} = {345739E2-E20C-4B1F-B1B2-725006FC9F72}
		{955D94B8-747D-4CA4-832A-6377C9FF5B8F} = {9BFB5DBE-8F64-45A9-BDB2-BAD91D44A4C5}
		{FB337B27-C6C6-43A1-BFA5-58B3CF381BA8} = {345739E2-E20C-4B1F-B1B2-725006FC9F72}
		{B8825802-81F7-4671-82E8-3A6E3A21F570} = {9BFB5DBE-8F64-45A9-BDB2-BAD91D44A4C5}
		{7AB71D86-D351-4009-A789-24097897E74A} = {C01B9930-D67F-41C5-90C9-C87DC53F39CB}
		{1DE277C2-EE56-4F4D-BB89-71107DE0E4C6} = {345739E2-E20C-4B1F-B1B2-725006FC9F72}
		{166852FC-2F86-4A5B-9029-E16958798DD6} = {9BFB5DBE-8F64-45A9-BDB2-BAD91D44A4C5}
		{61982C8D-5376-45EE-BCC3-D4F9E90AF3B0} = {7AB71D86-D351-4009-A789-24097897E74A}
		{FC5E00D1-ABA5-4168-8B8F-FA2A26D84068} = {E6328DC1-C8F0-4DC6-941F-C6CAFFF783DF}
		{7CA38535-297B-4DA9-AFF5-3199268EEAF6} = {FC5E00D1-ABA5-4168-8B8F-FA2A26D84068}
		{EE426441-DE33-4F3B-B66A-E258AC725B78} = {59F82491-51E3-4A12-B427-9815AEA23D10}
		{3073C231-6AE2-42FE-90CE-FFA2A58CA7FD} = {3ABD7B4B-37F9-4D49-92D9-384190177286}
		{66A85767-2877-4B99-84F1-EEABC6DC5247} = {C01B9930-D67F-41C5-90C9-C87DC53F39CB}
		{CC492CA2-5D86-4DB8-AB15-B118DF27C344} = {E6328DC1-C8F0-4DC6-941F-C6CAFFF783DF}
		{4D40321F-2C3F-4ACB-8AE0-7A228DF0551B} = {2864196E-3044-4FEC-B92A-D1D3C521C567}
		{7F7D9EE0-7263-4621-BA65-FC470B0F3C6B} = {4E99CBC5-1C74-44E7-9DEF-3FA44CADCCF0}
		{45E2ADF5-F386-44CD-A43D-A3AB47E9C39A} = {66A85767-2877-4B99-84F1-EEABC6DC5247}
		{4E99CBC5-1C74-44E7-9DEF-3FA44CADCCF0} = {66A85767-2877-4B99-84F1-EEABC6DC5247}
		{04E5EDDB-8440-4BAD-9531-F87A3AC826FB} = {4E99CBC5-1C74-44E7-9DEF-3FA44CADCCF0}
		{4656C609-DBBA-4F6B-B16F-5E1A8C9D9858} = {2697EEFB-06BE-4786-89C6-A566FD94A41B}
		{95751DFC-B598-46B6-84BB-1B717567B886} = {445850B7-1A9D-4E9D-8AC1-765F3792DC19}
		{F7925EED-65E6-4CA2-9B8D-B7036F6DB3E8} = {2697EEFB-06BE-4786-89C6-A566FD94A41B}
		{D22C3F6D-434A-4F09-9EB2-B0433CC43642} = {2697EEFB-06BE-4786-89C6-A566FD94A41B}
		{78C9C726-BFAB-4B31-AFCB-5A229E69DC07} = {445850B7-1A9D-4E9D-8AC1-765F3792DC19}
		{257A0A17-5D13-4DA4-8E91-8A3BB2711F49} = {45E2ADF5-F386-44CD-A43D-A3AB47E9C39A}
		{4A955BB3-C1AF-45DB-9590-82C00996B608} = {66A85767-2877-4B99-84F1-EEABC6DC5247}
		{9A2C7C42-086B-4482-828D-7B02D85372ED} = {4A955BB3-C1AF-45DB-9590-82C00996B608}
		{661B88AE-6F83-437C-9A7E-C5C1A565E650} = {45E2ADF5-F386-44CD-A43D-A3AB47E9C39A}
		{C99E1554-5039-42BD-B1FD-93814FBEBE44} = {2864196E-3044-4FEC-B92A-D1D3C521C567}
		{25C83DA5-BD4A-4AFA-8747-A0D16CB70500} = {199A0EFE-EE81-4A0E-9F2E-298CDDA49D26}
		{EFADC714-F197-4286-9B41-1F9833C8DA1F} = {199A0EFE-EE81-4A0E-9F2E-298CDDA49D26}
		{60424AB5-356A-4623-B1FB-7560334C0BE0} = {4A955BB3-C1AF-45DB-9590-82C00996B608}
		{C2A4E6AB-16B9-4457-9445-FFBF672DFBCF} = {4A955BB3-C1AF-45DB-9590-82C00996B608}
		{347692CA-62B3-4DC3-A951-B9CE3B05CACD} = {199A0EFE-EE81-4A0E-9F2E-298CDDA49D26}
		{AFB629C5-00C2-492C-8787-C66D810A24DB} = {7AB71D86-D351-4009-A789-24097897E74A}
		{648CE3E3-CEC4-4F91-8696-6A3FB2F91220} = {C01B9930-D67F-41C5-90C9-C87DC53F39CB}
		{9404B5FE-3431-4EC0-BCC6-42525FC5D1B8} = {648CE3E3-CEC4-4F91-8696-6A3FB2F91220}
		{BB24822F-F104-4D8E-9CB5-0A94DEF04BAB} = {E6328DC1-C8F0-4DC6-941F-C6CAFFF783DF}
		{EF7BDA1B-22E7-4F3D-97E0-16C9C10AA1B0} = {BB24822F-F104-4D8E-9CB5-0A94DEF04BAB}
		{B5305F08-3856-42B5-92D5-6FD446B39931} = {45E2ADF5-F386-44CD-A43D-A3AB47E9C39A}
		{88FE7642-27D9-4693-A130-706FCE46194A} = {345739E2-E20C-4B1F-B1B2-725006FC9F72}
		{CA43B145-9DF2-49D3-9371-B88BFB0E846A} = {BB24822F-F104-4D8E-9CB5-0A94DEF04BAB}
		{95842BB6-559E-4317-B1E9-FF19D39ADA24} = {648CE3E3-CEC4-4F91-8696-6A3FB2F91220}
		{3DE7DD7A-8500-46C9-91A1-A65DB60E0235} = {648CE3E3-CEC4-4F91-8696-6A3FB2F91220}
		{8618EE3F-F120-4AEA-8A77-F7BD5DCCB888} = {4E99CBC5-1C74-44E7-9DEF-3FA44CADCCF0}
		{D5CF25B2-1A91-4065-A647-06CDF55F4B96} = {C01B9930-D67F-41C5-90C9-C87DC53F39CB}
		{2697EEFB-06BE-4786-89C6-A566FD94A41B} = {C01B9930-D67F-41C5-90C9-C87DC53F39CB}
		{A6EB05D5-EF38-45B6-960A-0EB759373FDF} = {E6328DC1-C8F0-4DC6-941F-C6CAFFF783DF}
		{445850B7-1A9D-4E9D-8AC1-765F3792DC19} = {E6328DC1-C8F0-4DC6-941F-C6CAFFF783DF}
		{59F82491-51E3-4A12-B427-9815AEA23D10} = {C01B9930-D67F-41C5-90C9-C87DC53F39CB}
		{3ABD7B4B-37F9-4D49-92D9-384190177286} = {E6328DC1-C8F0-4DC6-941F-C6CAFFF783DF}
		{577A7F6F-4836-4811-B715-32573127BDB3} = {D5CF25B2-1A91-4065-A647-06CDF55F4B96}
		{04EA7A93-CDC7-4C68-815D-699180D99DCE} = {A6EB05D5-EF38-45B6-960A-0EB759373FDF}
		{A1186FB9-FB77-427C-9AEC-55E48A8D046A} = {D5CF25B2-1A91-4065-A647-06CDF55F4B96}
		{9960FA8A-98C1-45FB-8A09-33CA183AA140} = {D5CF25B2-1A91-4065-A647-06CDF55F4B96}
		{E3414144-C19E-40C0-A73A-2FD41AE514D1} = {E6328DC1-C8F0-4DC6-941F-C6CAFFF783DF}
		{1855CAB7-6379-47A4-A0A4-F890C6C46403} = {E3414144-C19E-40C0-A73A-2FD41AE514D1}
		{C43539A5-8343-4381-B2FD-5323323F1DB6} = {4E99CBC5-1C74-44E7-9DEF-3FA44CADCCF0}
		{D3C326CD-F1F1-4E06-962D-47F6C8090DEE} = {A6EB05D5-EF38-45B6-960A-0EB759373FDF}
		{13690AB8-9AA4-4936-A25F-7AF1AE3D4ED0} = {A6EB05D5-EF38-45B6-960A-0EB759373FDF}
		{244A930D-5B84-4CBC-A3A7-7E8DE1E603D6} = {7D087635-9E77-46B2-B647-962F7E2F8688}
		{0EDF10D7-D6D6-48E2-AC0C-BA6D814CB633} = {7D087635-9E77-46B2-B647-962F7E2F8688}
		{05D8A63F-B3E1-4A5E-AA66-337BCF8840C1} = {E3414144-C19E-40C0-A73A-2FD41AE514D1}
		{3993A838-71C9-49C5-80B3-16CC48A5F5C9} = {E3414144-C19E-40C0-A73A-2FD41AE514D1}
		{D785A240-1115-41C8-943E-5058161D6478} = {7D087635-9E77-46B2-B647-962F7E2F8688}
		{B1952639-773B-4C82-9D95-7CB4ED8AC59E} = {E3414144-C19E-40C0-A73A-2FD41AE514D1}
		{29792C72-565A-46DF-B887-494AC5352818} = {664F0DBE-CB31-4D63-858A-8C7E6411C76C}
		{C57D22E0-075B-4F27-87F1-E6CF5F203975} = {BB24822F-F104-4D8E-9CB5-0A94DEF04BAB}
		{B9B66159-4FC7-4F94-8C21-ADC8CCED84F4} = {BB24822F-F104-4D8E-9CB5-0A94DEF04BAB}
		{24FFA5F1-37CD-408B-80A9-006B5A6E11E8} = {BB24822F-F104-4D8E-9CB5-0A94DEF04BAB}
		{6FE28297-B958-4BC5-A320-A531874D7F58} = {BB24822F-F104-4D8E-9CB5-0A94DEF04BAB}
		{838A27C6-F125-4C61-923E-7C855B598FBD} = {BB24822F-F104-4D8E-9CB5-0A94DEF04BAB}
		{FDE43241-3C82-4005-87B3-FD1349FEF4B6} = {664F0DBE-CB31-4D63-858A-8C7E6411C76C}
		{878A2744-5122-48A7-90E6-7D8CFABC29FD} = {4A955BB3-C1AF-45DB-9590-82C00996B608}
		{0C464725-DEDC-4894-84A3-7A155E43818B} = {4A955BB3-C1AF-45DB-9590-82C00996B608}
		{AC831843-CDE2-4B67-8BC5-8F2A0D09B273} = {664F0DBE-CB31-4D63-858A-8C7E6411C76C}
		{2BE691A3-19C0-4FCF-85D2-D2371C9462C6} = {4E99CBC5-1C74-44E7-9DEF-3FA44CADCCF0}
		{B140F739-EC51-4265-B4B8-59467606E6EE} = {7D087635-9E77-46B2-B647-962F7E2F8688}
		{00E8EE51-A263-4971-9431-C4A2DEA4993A} = {E3414144-C19E-40C0-A73A-2FD41AE514D1}
		{6B2BA282-5C97-4A71-885F-E5259274F714} = {4E99CBC5-1C74-44E7-9DEF-3FA44CADCCF0}
		{05CF624D-F42E-461A-A21D-41BEE0CCEB5C} = {E3414144-C19E-40C0-A73A-2FD41AE514D1}
		{C4A782C1-AA25-476B-B936-90433422D0A2} = {7D087635-9E77-46B2-B647-962F7E2F8688}
		{D9E411DD-58B1-4160-8025-068D43ADE72C} = {07527192-F5B5-46B3-A0F2-FBE7A3FAA8CD}
		{B2AADB36-8433-4EDB-B247-49A3EA82FE06} = {54800E45-FF91-4091-A146-EFA5432A6443}
		{40F2A962-6209-42D0-9F21-CEACB411007B} = {54800E45-FF91-4091-A146-EFA5432A6443}
		{22E49D65-F51D-4A45-A35E-B27FF7DE6787} = {C01B9930-D67F-41C5-90C9-C87DC53F39CB}
		{B85E8FC7-748E-4990-9279-1F06E095B6E6} = {E6328DC1-C8F0-4DC6-941F-C6CAFFF783DF}
		{4170A699-C110-4136-92EA-D2BFEBF68230} = {22E49D65-F51D-4A45-A35E-B27FF7DE6787}
		{78B9EC26-ADC5-4934-9F31-000D4D678121} = {22E49D65-F51D-4A45-A35E-B27FF7DE6787}
		{027B0175-2D22-4168-A0B4-1E0DC5BE2A61} = {B85E8FC7-748E-4990-9279-1F06E095B6E6}
		{EA4C219B-D00A-4BDB-A787-A79FA9611303} = {BB24822F-F104-4D8E-9CB5-0A94DEF04BAB}
		{B40CD480-D4A0-4A43-B855-0CD84EC537CC} = {354B3720-D050-487D-A46A-22BCFEE56D43}
		{C3C7C037-B5B6-4CE0-BC02-820667D74F60} = {DE39BB20-AE82-47C3-9141-8CFD4C673217}
		{48F77D8F-60AE-4173-BA74-FC2E0B3578BB} = {9BFB5DBE-8F64-45A9-BDB2-BAD91D44A4C5}
		{76AA6040-AA3A-43DD-BD4B-7F931271BFD6} = {C01B9930-D67F-41C5-90C9-C87DC53F39CB}
		{6493D592-7930-4979-A07D-B7CAA751C7BE} = {E6328DC1-C8F0-4DC6-941F-C6CAFFF783DF}
		{4E12B03E-D607-492E-BB28-96235993A39F} = {76AA6040-AA3A-43DD-BD4B-7F931271BFD6}
		{D2F38ACB-7158-4DE0-BDEA-B13E3D52A655} = {6493D592-7930-4979-A07D-B7CAA751C7BE}
		{1272E006-8D8B-46B5-AD18-2E31CA9C6CBD} = {76AA6040-AA3A-43DD-BD4B-7F931271BFD6}
		{E0D77981-E412-477D-B866-E43F055CAAFC} = {76AA6040-AA3A-43DD-BD4B-7F931271BFD6}
		{66B96C01-6A08-4C7A-B5F5-A0489D8BBB47} = {6493D592-7930-4979-A07D-B7CAA751C7BE}
		{8BC69296-3C9A-45B3-B6C3-3DD575027CCD} = {345739E2-E20C-4B1F-B1B2-725006FC9F72}
		{B25D3B7A-AEAA-4EFB-9839-7C6E3F7C24BB} = {9BFB5DBE-8F64-45A9-BDB2-BAD91D44A4C5}
		{07527192-F5B5-46B3-A0F2-FBE7A3FAA8CD} = {C01B9930-D67F-41C5-90C9-C87DC53F39CB}
		{1F5EE147-BD88-4B6D-BA84-35B4F3BE4A4E} = {C01B9930-D67F-41C5-90C9-C87DC53F39CB}
		{22305349-51C7-4D80-A538-C7C0F4495895} = {1F5EE147-BD88-4B6D-BA84-35B4F3BE4A4E}
		{54800E45-FF91-4091-A146-EFA5432A6443} = {E6328DC1-C8F0-4DC6-941F-C6CAFFF783DF}
		{664F0DBE-CB31-4D63-858A-8C7E6411C76C} = {CC492CA2-5D86-4DB8-AB15-B118DF27C344}
		{7D087635-9E77-46B2-B647-962F7E2F8688} = {CC492CA2-5D86-4DB8-AB15-B118DF27C344}
		{2864196E-3044-4FEC-B92A-D1D3C521C567} = {CC492CA2-5D86-4DB8-AB15-B118DF27C344}
		{96DFADC5-FAE8-4860-A57A-93F0534B1B7A} = {E6328DC1-C8F0-4DC6-941F-C6CAFFF783DF}
		{5921A7FA-8C70-49A9-82E1-BE3FA5B50C33} = {96DFADC5-FAE8-4860-A57A-93F0534B1B7A}
		{599BAD8E-DB56-4967-8DDE-74BD21DA2B49} = {1F5EE147-BD88-4B6D-BA84-35B4F3BE4A4E}
		{75A31AAB-B7E6-4F13-9B7A-B74216B2EDDE} = {96DFADC5-FAE8-4860-A57A-93F0534B1B7A}
		{411247A4-4665-4BE6-8E5C-08F6D0BA2213} = {C01B9930-D67F-41C5-90C9-C87DC53F39CB}
		{36990D32-6F41-44A6-BB88-A3F15E12C35B} = {411247A4-4665-4BE6-8E5C-08F6D0BA2213}
		{21831A4F-B3C9-40E7-855B-75F9D679FF55} = {411247A4-4665-4BE6-8E5C-08F6D0BA2213}
		{F7D4E7CB-468D-4570-8D82-D065F08BE40D} = {E6328DC1-C8F0-4DC6-941F-C6CAFFF783DF}
		{5996F536-14B9-4F95-A18B-716E5F7EE478} = {F7D4E7CB-468D-4570-8D82-D065F08BE40D}
		{89ADBA29-42CD-4D17-8987-4D1233C1083C} = {F7D4E7CB-468D-4570-8D82-D065F08BE40D}
		{E069CEB0-8092-4907-BC9D-C6B8BDE20AD2} = {C01B9930-D67F-41C5-90C9-C87DC53F39CB}
		{6FC29D15-7581-4E29-9897-76DC5AEF2042} = {E069CEB0-8092-4907-BC9D-C6B8BDE20AD2}
		{3E81F8D0-06C7-4FD4-A5B0-E3D96E909646} = {E069CEB0-8092-4907-BC9D-C6B8BDE20AD2}
		{16175228-03CA-414A-8786-E5BA844110C4} = {E6328DC1-C8F0-4DC6-941F-C6CAFFF783DF}
		{AB2D6B9A-0EC8-402B-849A-95E826B09AB3} = {16175228-03CA-414A-8786-E5BA844110C4}
	EndGlobalSection
	GlobalSection(ExtensibilityGlobals) = postSolution
		SolutionGuid = {94347832-A36D-4C42-9C4D-B848BD4F5DA9}
	EndGlobalSection
EndGlobal
