
Microsoft Visual Studio Solution File, Format Version 12.00
# Visual Studio Version 16
VisualStudioVersion = 16.0.30317.65
MinimumVisualStudioVersion = 10.0.40219.1
Project("{2150E333-8FDC-42A3-9474-1A3956D46DE8}") = "01-Core", "01-Core", "{345739E2-E20C-4B1F-B1B2-725006FC9F72}"
EndProject
Project("{2150E333-8FDC-42A3-9474-1A3956D46DE8}") = "build", "build", "{0D42DE24-8D3C-4BE1-BAAE-7543281C3113}"
	ProjectSection(SolutionItems) = preProject
		build\common.props = build\common.props
		build\version.props = build\version.props
	EndProjectSection
EndProject
Project("{2150E333-8FDC-42A3-9474-1A3956D46DE8}") = "src", "src", "{C01B9930-D67F-41C5-90C9-C87DC53F39CB}"
EndProject
Project("{9A19103F-16F7-4668-BE54-9A1E7A4F7556}") = "Build", "build\Build.csproj", "{12539757-7371-455D-B86B-DAF22F2DEE4E}"
EndProject
Project("{9A19103F-16F7-4668-BE54-9A1E7A4F7556}") = "01-Util.Core", "src\Util.Core\01-Util.Core.csproj", "{5F1A7144-C954-4B47-B1FF-820FEA9B6B61}"
EndProject
Project("{9A19103F-16F7-4668-BE54-9A1E7A4F7556}") = "Util.Core.Tests", "test\Util.Core.Tests\Util.Core.Tests.csproj", "{1E50F81A-FBFF-4873-9731-FA8835A51080}"
EndProject
Project("{2150E333-8FDC-42A3-9474-1A3956D46DE8}") = "test", "test", "{E6328DC1-C8F0-4DC6-941F-C6CAFFF783DF}"
EndProject
Project("{2150E333-8FDC-42A3-9474-1A3956D46DE8}") = "benchmark", "benchmark", "{199A0EFE-EE81-4A0E-9F2E-298CDDA49D26}"
EndProject
Project("{2150E333-8FDC-42A3-9474-1A3956D46DE8}") = "01-Core", "01-Core", "{9BFB5DBE-8F64-45A9-BDB2-BAD91D44A4C5}"
EndProject
Project("{9A19103F-16F7-4668-BE54-9A1E7A4F7556}") = "Util.Core.Tests.Integration", "test\Util.Core.Tests.Integration\Util.Core.Tests.Integration.csproj", "{21064598-1418-422E-BA37-8EC09541DFC1}"
EndProject
Project("{9A19103F-16F7-4668-BE54-9A1E7A4F7556}") = "02-Util.AspNetCore", "src\Util.AspNetCore\02-Util.AspNetCore.csproj", "{08EF3E38-E0C3-4E18-984C-3216CB6E8897}"
EndProject
Project("{9A19103F-16F7-4668-BE54-9A1E7A4F7556}") = "03-Util.ObjectMapping.AutoMapper", "src\Util.ObjectMapping.AutoMapper\03-Util.ObjectMapping.AutoMapper.csproj", "{12C94395-09F1-42E4-8CE1-6E54D3FEBAA6}"
EndProject
Project("{9A19103F-16F7-4668-BE54-9A1E7A4F7556}") = "Util.ObjectMapping.AutoMapper.Tests", "test\Util.ObjectMapping.AutoMapper.Tests\Util.ObjectMapping.AutoMapper.Tests.csproj", "{955D94B8-747D-4CA4-832A-6377C9FF5B8F}"
EndProject
Project("{9A19103F-16F7-4668-BE54-9A1E7A4F7556}") = "04-Util.Aop.AspectCore", "src\Util.Aop.AspectCore\04-Util.Aop.AspectCore.csproj", "{FB337B27-C6C6-43A1-BFA5-58B3CF381BA8}"
EndProject
Project("{9A19103F-16F7-4668-BE54-9A1E7A4F7556}") = "Util.Aop.AspectCore.Tests", "test\Util.Aop.AspectCore.Tests\Util.Aop.AspectCore.Tests.csproj", "{B8825802-81F7-4671-82E8-3A6E3A21F570}"
EndProject
Project("{9A19103F-16F7-4668-BE54-9A1E7A4F7556}") = "05-Util.Validation", "src\Util.Validation\05-Util.Validation.csproj", "{1DE277C2-EE56-4F4D-BB89-71107DE0E4C6}"
EndProject
Project("{9A19103F-16F7-4668-BE54-9A1E7A4F7556}") = "Util.Validation.Tests", "test\Util.Validation.Tests\Util.Validation.Tests.csproj", "{166852FC-2F86-4A5B-9029-E16958798DD6}"
EndProject
Project("{9A19103F-16F7-4668-BE54-9A1E7A4F7556}") = "06-Util.Events", "src\Util.Events\06-Util.Events.csproj", "{EE426441-DE33-4F3B-B66A-E258AC725B78}"
EndProject
Project("{9A19103F-16F7-4668-BE54-9A1E7A4F7556}") = "Util.Events.Tests", "test\Util.Events.Tests\Util.Events.Tests.csproj", "{3073C231-6AE2-42FE-90CE-FFA2A58CA7FD}"
EndProject
Project("{9A19103F-16F7-4668-BE54-9A1E7A4F7556}") = "Util.Core.Benchmark", "benchmark\Util.Core.Benchmark\Util.Core.Benchmark.csproj", "{25C83DA5-BD4A-4AFA-8747-A0D16CB70500}"
EndProject
Global
	GlobalSection(SolutionConfigurationPlatforms) = preSolution
		Debug|Any CPU = Debug|Any CPU
		Release|Any CPU = Release|Any CPU
	EndGlobalSection
	GlobalSection(ProjectConfigurationPlatforms) = postSolution
		{12539757-7371-455D-B86B-DAF22F2DEE4E}.Debug|Any CPU.ActiveCfg = Debug|Any CPU
		{12539757-7371-455D-B86B-DAF22F2DEE4E}.Debug|Any CPU.Build.0 = Debug|Any CPU
		{12539757-7371-455D-B86B-DAF22F2DEE4E}.Release|Any CPU.ActiveCfg = Release|Any CPU
		{12539757-7371-455D-B86B-DAF22F2DEE4E}.Release|Any CPU.Build.0 = Release|Any CPU
		{5F1A7144-C954-4B47-B1FF-820FEA9B6B61}.Debug|Any CPU.ActiveCfg = Debug|Any CPU
		{5F1A7144-C954-4B47-B1FF-820FEA9B6B61}.Debug|Any CPU.Build.0 = Debug|Any CPU
		{5F1A7144-C954-4B47-B1FF-820FEA9B6B61}.Release|Any CPU.ActiveCfg = Release|Any CPU
		{5F1A7144-C954-4B47-B1FF-820FEA9B6B61}.Release|Any CPU.Build.0 = Release|Any CPU
		{1E50F81A-FBFF-4873-9731-FA8835A51080}.Debug|Any CPU.ActiveCfg = Debug|Any CPU
		{1E50F81A-FBFF-4873-9731-FA8835A51080}.Debug|Any CPU.Build.0 = Debug|Any CPU
		{1E50F81A-FBFF-4873-9731-FA8835A51080}.Release|Any CPU.ActiveCfg = Release|Any CPU
		{1E50F81A-FBFF-4873-9731-FA8835A51080}.Release|Any CPU.Build.0 = Release|Any CPU
		{21064598-1418-422E-BA37-8EC09541DFC1}.Debug|Any CPU.ActiveCfg = Debug|Any CPU
		{21064598-1418-422E-BA37-8EC09541DFC1}.Debug|Any CPU.Build.0 = Debug|Any CPU
		{21064598-1418-422E-BA37-8EC09541DFC1}.Release|Any CPU.ActiveCfg = Release|Any CPU
		{21064598-1418-422E-BA37-8EC09541DFC1}.Release|Any CPU.Build.0 = Release|Any CPU
		{08EF3E38-E0C3-4E18-984C-3216CB6E8897}.Debug|Any CPU.ActiveCfg = Debug|Any CPU
		{08EF3E38-E0C3-4E18-984C-3216CB6E8897}.Debug|Any CPU.Build.0 = Debug|Any CPU
		{08EF3E38-E0C3-4E18-984C-3216CB6E8897}.Release|Any CPU.ActiveCfg = Release|Any CPU
		{08EF3E38-E0C3-4E18-984C-3216CB6E8897}.Release|Any CPU.Build.0 = Release|Any CPU
		{12C94395-09F1-42E4-8CE1-6E54D3FEBAA6}.Debug|Any CPU.ActiveCfg = Debug|Any CPU
		{12C94395-09F1-42E4-8CE1-6E54D3FEBAA6}.Debug|Any CPU.Build.0 = Debug|Any CPU
		{12C94395-09F1-42E4-8CE1-6E54D3FEBAA6}.Release|Any CPU.ActiveCfg = Release|Any CPU
		{12C94395-09F1-42E4-8CE1-6E54D3FEBAA6}.Release|Any CPU.Build.0 = Release|Any CPU
		{955D94B8-747D-4CA4-832A-6377C9FF5B8F}.Debug|Any CPU.ActiveCfg = Debug|Any CPU
		{955D94B8-747D-4CA4-832A-6377C9FF5B8F}.Debug|Any CPU.Build.0 = Debug|Any CPU
		{955D94B8-747D-4CA4-832A-6377C9FF5B8F}.Release|Any CPU.ActiveCfg = Release|Any CPU
		{955D94B8-747D-4CA4-832A-6377C9FF5B8F}.Release|Any CPU.Build.0 = Release|Any CPU
		{FB337B27-C6C6-43A1-BFA5-58B3CF381BA8}.Debug|Any CPU.ActiveCfg = Debug|Any CPU
		{FB337B27-C6C6-43A1-BFA5-58B3CF381BA8}.Debug|Any CPU.Build.0 = Debug|Any CPU
		{FB337B27-C6C6-43A1-BFA5-58B3CF381BA8}.Release|Any CPU.ActiveCfg = Release|Any CPU
		{FB337B27-C6C6-43A1-BFA5-58B3CF381BA8}.Release|Any CPU.Build.0 = Release|Any CPU
		{B8825802-81F7-4671-82E8-3A6E3A21F570}.Debug|Any CPU.ActiveCfg = Debug|Any CPU
		{B8825802-81F7-4671-82E8-3A6E3A21F570}.Debug|Any CPU.Build.0 = Debug|Any CPU
		{B8825802-81F7-4671-82E8-3A6E3A21F570}.Release|Any CPU.ActiveCfg = Release|Any CPU
		{B8825802-81F7-4671-82E8-3A6E3A21F570}.Release|Any CPU.Build.0 = Release|Any CPU
		{1DE277C2-EE56-4F4D-BB89-71107DE0E4C6}.Debug|Any CPU.ActiveCfg = Debug|Any CPU
		{1DE277C2-EE56-4F4D-BB89-71107DE0E4C6}.Debug|Any CPU.Build.0 = Debug|Any CPU
		{1DE277C2-EE56-4F4D-BB89-71107DE0E4C6}.Release|Any CPU.ActiveCfg = Release|Any CPU
		{1DE277C2-EE56-4F4D-BB89-71107DE0E4C6}.Release|Any CPU.Build.0 = Release|Any CPU
		{166852FC-2F86-4A5B-9029-E16958798DD6}.Debug|Any CPU.ActiveCfg = Debug|Any CPU
		{166852FC-2F86-4A5B-9029-E16958798DD6}.Debug|Any CPU.Build.0 = Debug|Any CPU
		{166852FC-2F86-4A5B-9029-E16958798DD6}.Release|Any CPU.ActiveCfg = Release|Any CPU
		{166852FC-2F86-4A5B-9029-E16958798DD6}.Release|Any CPU.Build.0 = Release|Any CPU
		{EE426441-DE33-4F3B-B66A-E258AC725B78}.Debug|Any CPU.ActiveCfg = Debug|Any CPU
		{EE426441-DE33-4F3B-B66A-E258AC725B78}.Debug|Any CPU.Build.0 = Debug|Any CPU
		{EE426441-DE33-4F3B-B66A-E258AC725B78}.Release|Any CPU.ActiveCfg = Release|Any CPU
		{EE426441-DE33-4F3B-B66A-E258AC725B78}.Release|Any CPU.Build.0 = Release|Any CPU
		{3073C231-6AE2-42FE-90CE-FFA2A58CA7FD}.Debug|Any CPU.ActiveCfg = Debug|Any CPU
		{3073C231-6AE2-42FE-90CE-FFA2A58CA7FD}.Debug|Any CPU.Build.0 = Debug|Any CPU
		{3073C231-6AE2-42FE-90CE-FFA2A58CA7FD}.Release|Any CPU.ActiveCfg = Release|Any CPU
		{3073C231-6AE2-42FE-90CE-FFA2A58CA7FD}.Release|Any CPU.Build.0 = Release|Any CPU
		{25C83DA5-BD4A-4AFA-8747-A0D16CB70500}.Debug|Any CPU.ActiveCfg = Debug|Any CPU
		{25C83DA5-BD4A-4AFA-8747-A0D16CB70500}.Debug|Any CPU.Build.0 = Debug|Any CPU
		{25C83DA5-BD4A-4AFA-8747-A0D16CB70500}.Release|Any CPU.ActiveCfg = Release|Any CPU
		{25C83DA5-BD4A-4AFA-8747-A0D16CB70500}.Release|Any CPU.Build.0 = Release|Any CPU
	EndGlobalSection
	GlobalSection(SolutionProperties) = preSolution
		HideSolutionNode = FALSE
	EndGlobalSection
	GlobalSection(NestedProjects) = preSolution
		{345739E2-E20C-4B1F-B1B2-725006FC9F72} = {C01B9930-D67F-41C5-90C9-C87DC53F39CB}
		{12539757-7371-455D-B86B-DAF22F2DEE4E} = {0D42DE24-8D3C-4BE1-BAAE-7543281C3113}
		{5F1A7144-C954-4B47-B1FF-820FEA9B6B61} = {345739E2-E20C-4B1F-B1B2-725006FC9F72}
		{1E50F81A-FBFF-4873-9731-FA8835A51080} = {9BFB5DBE-8F64-45A9-BDB2-BAD91D44A4C5}
		{9BFB5DBE-8F64-45A9-BDB2-BAD91D44A4C5} = {E6328DC1-C8F0-4DC6-941F-C6CAFFF783DF}
		{21064598-1418-422E-BA37-8EC09541DFC1} = {9BFB5DBE-8F64-45A9-BDB2-BAD91D44A4C5}
		{08EF3E38-E0C3-4E18-984C-3216CB6E8897} = {345739E2-E20C-4B1F-B1B2-725006FC9F72}
		{12C94395-09F1-42E4-8CE1-6E54D3FEBAA6} = {345739E2-E20C-4B1F-B1B2-725006FC9F72}
		{955D94B8-747D-4CA4-832A-6377C9FF5B8F} = {9BFB5DBE-8F64-45A9-BDB2-BAD91D44A4C5}
		{FB337B27-C6C6-43A1-BFA5-58B3CF381BA8} = {345739E2-E20C-4B1F-B1B2-725006FC9F72}
		{B8825802-81F7-4671-82E8-3A6E3A21F570} = {9BFB5DBE-8F64-45A9-BDB2-BAD91D44A4C5}
		{1DE277C2-EE56-4F4D-BB89-71107DE0E4C6} = {345739E2-E20C-4B1F-B1B2-725006FC9F72}
		{166852FC-2F86-4A5B-9029-E16958798DD6} = {9BFB5DBE-8F64-45A9-BDB2-BAD91D44A4C5}
		{EE426441-DE33-4F3B-B66A-E258AC725B78} = {345739E2-E20C-4B1F-B1B2-725006FC9F72}
		{3073C231-6AE2-42FE-90CE-FFA2A58CA7FD} = {9BFB5DBE-8F64-45A9-BDB2-BAD91D44A4C5}
		{25C83DA5-BD4A-4AFA-8747-A0D16CB70500} = {199A0EFE-EE81-4A0E-9F2E-298CDDA49D26}
	EndGlobalSection
	GlobalSection(ExtensibilityGlobals) = postSolution
		SolutionGuid = {94347832-A36D-4C42-9C4D-B848BD4F5DA9}
	EndGlobalSection
EndGlobal
