Microsoft Visual Studio Solution File, Format Version 12.00
# Visual Studio 15
VisualStudioVersion = 15.0.27130.2027
MinimumVisualStudioVersion = 10.0.40219.1
Project("{2150E333-8FDC-42A3-9474-1A3956D46DE8}") = "01-src", "01-src", "{ECBD28DE-AFFB-4C9A-8988-6297FA5ADDD5}"
EndProject
Project("{2150E333-8FDC-42A3-9474-1A3956D46DE8}") = "02-test", "02-test", "{DE1DF0B9-0403-4888-8B24-8208348E9AFA}"
EndProject
Project("{2150E333-8FDC-42A3-9474-1A3956D46DE8}") = "01-Core", "01-Core", "{3746073A-1C5C-40A7-9D50-CB2A94CA888A}"
EndProject
Project("{9A19103F-16F7-4668-BE54-9A1E7A4F7556}") = "01-Util.Tests", "test\Util.Tests\01-Util.Tests.csproj", "{4C93DBB6-7840-4277-BAF1-56148B62FB3D}"
EndProject
Project("{2150E333-8FDC-42A3-9474-1A3956D46DE8}") = "01-Core", "01-Core", "{6FA93B2E-A5E5-44CA-9851-52FAA2BF5C57}"
EndProject
Project("{9A19103F-16F7-4668-BE54-9A1E7A4F7556}") = "01-Util", "src\Util\01-Util.csproj", "{5981ADBE-58A4-4F84-9529-E7D7F7E1610C}"
EndProject
Project("{9A19103F-16F7-4668-BE54-9A1E7A4F7556}") = "07-Util.Datas", "src\Util.Datas\07-Util.Datas.csproj", "{CD83426E-2BA1-4DB0-94D9-1185C076276F}"
EndProject
Project("{9A19103F-16F7-4668-BE54-9A1E7A4F7556}") = "02-Util.Datas.Tests.Integration", "test\Util.Datas.Tests.Integration\02-Util.Datas.Tests.Integration.csproj", "{411B666F-EDA0-47E0-BB34-3EAF047549A0}"
EndProject
Project("{9A19103F-16F7-4668-BE54-9A1E7A4F7556}") = "03-Util.Logs", "src\Util.Logs\03-Util.Logs.csproj", "{0330EB27-814D-4CF6-B377-3BFA884D5FD2}"
EndProject
Project("{2150E333-8FDC-42A3-9474-1A3956D46DE8}") = "03-sample", "03-sample", "{F1B4AAEF-9162-4DFA-8B62-4069FC914839}"
EndProject
Project("{2150E333-8FDC-42A3-9474-1A3956D46DE8}") = "02-Ui", "02-Ui", "{78CC88DA-0B25-45BC-86A8-FFE9628B34A6}"
EndProject
Project("{2150E333-8FDC-42A3-9474-1A3956D46DE8}") = "03-Biz", "03-Biz", "{62644B42-76EF-4FC2-8736-3E9B96C1D832}"
EndProject
Project("{9A19103F-16F7-4668-BE54-9A1E7A4F7556}") = "01-Util.Biz", "src\Util.Biz\01-Util.Biz.csproj", "{BAB54FFD-DF77-40B6-86A5-A1A3E0985468}"
EndProject
Project("{9A19103F-16F7-4668-BE54-9A1E7A4F7556}") = "02-Util.Security", "src\Util.Security\02-Util.Security.csproj", "{83E78951-5FBE-43D5-A6BE-7735721E4C1D}"
EndProject
Project("{9A19103F-16F7-4668-BE54-9A1E7A4F7556}") = "08-Util.Applications", "src\Util.Applications\08-Util.Applications.csproj", "{7A5E9C1B-CE91-463D-B0D1-8117C9E29D30}"
EndProject
Project("{9A19103F-16F7-4668-BE54-9A1E7A4F7556}") = "05-Util.Events", "src\Util.Events\05-Util.Events.csproj", "{A93DFEEC-0DC7-4628-96F7-914A8053732B}"
EndProject
Project("{9A19103F-16F7-4668-BE54-9A1E7A4F7556}") = "01-Util.Ui.Abstractions", "src\Util.Ui.Abstractions\01-Util.Ui.Abstractions.csproj", "{F93F72BE-F3F4-4CB6-A3A2-54CDBF3F9B18}"
EndProject
Project("{9A19103F-16F7-4668-BE54-9A1E7A4F7556}") = "02-Util.Ui.Core", "src\Util.Ui.Core\02-Util.Ui.Core.csproj", "{EB80F45C-FCC8-436C-900A-754A5E91A8E0}"
EndProject
Project("{2150E333-8FDC-42A3-9474-1A3956D46DE8}") = "02-Ui", "02-Ui", "{0629A068-957D-4920-9290-0B9288341E0D}"
EndProject
Project("{9A19103F-16F7-4668-BE54-9A1E7A4F7556}") = "01-Util.Ui.Tests", "test\Util.Ui.Tests\01-Util.Ui.Tests.csproj", "{91F99541-D37F-46D5-8026-AD57C3F75B52}"
EndProject
Project("{2150E333-8FDC-42A3-9474-1A3956D46DE8}") = "04-Tools", "04-Tools", "{1907A873-8368-4CFF-B5B3-98F04CD2E3A7}"
EndProject
Project("{9A19103F-16F7-4668-BE54-9A1E7A4F7556}") = "03-Util.Ui.Angular", "src\Util.Ui.Angular\03-Util.Ui.Angular.csproj", "{AD7CD285-D899-443D-A02C-D62C7C0A351F}"
EndProject
Project("{9A19103F-16F7-4668-BE54-9A1E7A4F7556}") = "09-Util.Webs", "src\Util.Webs\09-Util.Webs.csproj", "{0A32F32B-49DF-49AB-8F3C-AFDD28517A89}"
EndProject
Project("{9A19103F-16F7-4668-BE54-9A1E7A4F7556}") = "01-Util.Tools.QrCode", "src\Util.Tools.QrCode\01-Util.Tools.QrCode.csproj", "{ED44ED49-3F9E-4D14-A600-51D7792A3F64}"
EndProject
Project("{9A19103F-16F7-4668-BE54-9A1E7A4F7556}") = "02-Util.Tools.Sms", "src\Util.Tools.Sms\02-Util.Tools.Sms.csproj", "{883EF7C5-4234-4A1B-82BC-36597D280B57}"
EndProject
Project("{9A19103F-16F7-4668-BE54-9A1E7A4F7556}") = "02-Util.Biz.Payments", "src\Util.Biz.Payments\02-Util.Biz.Payments.csproj", "{69B79A60-3719-43E5-BE12-78E401C7BC0C}"
EndProject
Project("{2150E333-8FDC-42A3-9474-1A3956D46DE8}") = "03-Biz", "03-Biz", "{D1083FEB-81A7-4BBF-ADDB-C03D143BC4AB}"
EndProject
Project("{9A19103F-16F7-4668-BE54-9A1E7A4F7556}") = "Util.Biz.Tests.Integration", "test\Util.Biz.Tests.Integration\Util.Biz.Tests.Integration.csproj", "{F680DA14-282E-471E-8E1C-F4D2067B718E}"
EndProject
Project("{9A19103F-16F7-4668-BE54-9A1E7A4F7556}") = "06-Util.Schedulers", "src\Util.Schedulers\06-Util.Schedulers.csproj", "{E220692E-909A-4855-A67F-64C3A9590BA6}"
EndProject
Project("{9A19103F-16F7-4668-BE54-9A1E7A4F7556}") = "Util.Samples.Schedulers", "sample\Util.Samples.Schedulers\Util.Samples.Schedulers.csproj", "{18A2D4FE-27BB-4A69-8C07-29169B9006B3}"
EndProject
Project("{9A19103F-16F7-4668-BE54-9A1E7A4F7556}") = "04-Util.Caches", "src\Util.Caches\04-Util.Caches.csproj", "{26F6273A-567A-4AA4-8304-AEC57FC40DC9}"
EndProject
Project("{9A19103F-16F7-4668-BE54-9A1E7A4F7556}") = "Util.Samples.Angular.Material", "sample\Util.Samples.Angular.Material\Util.Samples.Angular.Material.csproj", "{41F2DA18-8295-4003-99D3-4237B90D7BAE}"
EndProject
Project("{9A19103F-16F7-4668-BE54-9A1E7A4F7556}") = "Util.Samples.Angular.AntDesign", "sample\Util.Samples.Angular.AntDesign\Util.Samples.Angular.AntDesign.csproj", "{E4C15F45-CBB9-4240-B0CD-45E6A2A34629}"
EndProject
Project("{9A19103F-16F7-4668-BE54-9A1E7A4F7556}") = "05-Util.Ui.Angular.AntDesign", "src\Util.Ui.Angular.AntDesign\05-Util.Ui.Angular.AntDesign.csproj", "{5D30B981-7319-4181-9E0A-DDE1ECCC691D}"
EndProject
Project("{9A19103F-16F7-4668-BE54-9A1E7A4F7556}") = "02-Util.Ui.Angular.AntDesign.Tests", "test\Util.Ui.Angular.AntDesign.Tests\02-Util.Ui.Angular.AntDesign.Tests.csproj", "{4939123A-D223-4F20-9911-6C30F2EECF2B}"
EndProject
Project("{9A19103F-16F7-4668-BE54-9A1E7A4F7556}") = "04-Util.Ui.Angular.Material", "src\Util.Ui.Angular.Material\04-Util.Ui.Angular.Material.csproj", "{9A38AC58-8559-4895-A09E-2A924FD9763A}"
EndProject
Project("{2150E333-8FDC-42A3-9474-1A3956D46DE8}") = "01-Presentation", "01-Presentation", "{3FAAA4DC-3245-4270-8BAF-C6333C79D516}"
EndProject
Project("{2150E333-8FDC-42A3-9474-1A3956D46DE8}") = "02-Service", "02-Service", "{BA4E4760-AE72-4091-8E25-6B300CC27EEE}"
EndProject
Project("{2150E333-8FDC-42A3-9474-1A3956D46DE8}") = "03-Domain", "03-Domain", "{4B71322A-458F-448D-844A-62A15F4323BC}"
EndProject
Project("{2150E333-8FDC-42A3-9474-1A3956D46DE8}") = "04-Infrastructure", "04-Infrastructure", "{11ED0240-9469-44ED-B92B-007633238CC6}"
EndProject
Project("{FAE04EC0-301F-11D3-BF4B-00C04F79EFBC}") = "Util.Samples.Service", "sample\Util.Samples.Service\Util.Samples.Service.csproj", "{9C3643A9-2C53-4578-A373-CCF5626E7346}"
EndProject
Project("{FAE04EC0-301F-11D3-BF4B-00C04F79EFBC}") = "Util.Samples.Domain", "sample\Util.Samples.Domain\Util.Samples.Domain.csproj", "{02E7316A-0B88-47D3-B859-3B2E90307F7F}"
EndProject
Project("{FAE04EC0-301F-11D3-BF4B-00C04F79EFBC}") = "Util.Samples.Data", "sample\Util.Samples.Data\Util.Samples.Data.csproj", "{8F374F37-9A07-427E-9BA3-0E3A69AB094D}"
EndProject
Global
	GlobalSection(SolutionConfigurationPlatforms) = preSolution
		Debug|Any CPU = Debug|Any CPU
		Release|Any CPU = Release|Any CPU
	EndGlobalSection
	GlobalSection(ProjectConfigurationPlatforms) = postSolution
		{4C93DBB6-7840-4277-BAF1-56148B62FB3D}.Debug|Any CPU.ActiveCfg = Debug|Any CPU
		{4C93DBB6-7840-4277-BAF1-56148B62FB3D}.Debug|Any CPU.Build.0 = Debug|Any CPU
		{4C93DBB6-7840-4277-BAF1-56148B62FB3D}.Release|Any CPU.ActiveCfg = Release|Any CPU
		{4C93DBB6-7840-4277-BAF1-56148B62FB3D}.Release|Any CPU.Build.0 = Release|Any CPU
		{5981ADBE-58A4-4F84-9529-E7D7F7E1610C}.Debug|Any CPU.ActiveCfg = Debug|Any CPU
		{5981ADBE-58A4-4F84-9529-E7D7F7E1610C}.Debug|Any CPU.Build.0 = Debug|Any CPU
		{5981ADBE-58A4-4F84-9529-E7D7F7E1610C}.Release|Any CPU.ActiveCfg = Release|Any CPU
		{5981ADBE-58A4-4F84-9529-E7D7F7E1610C}.Release|Any CPU.Build.0 = Release|Any CPU
		{CD83426E-2BA1-4DB0-94D9-1185C076276F}.Debug|Any CPU.ActiveCfg = Debug|Any CPU
		{CD83426E-2BA1-4DB0-94D9-1185C076276F}.Debug|Any CPU.Build.0 = Debug|Any CPU
		{CD83426E-2BA1-4DB0-94D9-1185C076276F}.Release|Any CPU.ActiveCfg = Release|Any CPU
		{CD83426E-2BA1-4DB0-94D9-1185C076276F}.Release|Any CPU.Build.0 = Release|Any CPU
		{411B666F-EDA0-47E0-BB34-3EAF047549A0}.Debug|Any CPU.ActiveCfg = Debug|Any CPU
		{411B666F-EDA0-47E0-BB34-3EAF047549A0}.Debug|Any CPU.Build.0 = Debug|Any CPU
		{411B666F-EDA0-47E0-BB34-3EAF047549A0}.Release|Any CPU.ActiveCfg = Release|Any CPU
		{411B666F-EDA0-47E0-BB34-3EAF047549A0}.Release|Any CPU.Build.0 = Release|Any CPU
		{0330EB27-814D-4CF6-B377-3BFA884D5FD2}.Debug|Any CPU.ActiveCfg = Debug|Any CPU
		{0330EB27-814D-4CF6-B377-3BFA884D5FD2}.Debug|Any CPU.Build.0 = Debug|Any CPU
		{0330EB27-814D-4CF6-B377-3BFA884D5FD2}.Release|Any CPU.ActiveCfg = Release|Any CPU
		{0330EB27-814D-4CF6-B377-3BFA884D5FD2}.Release|Any CPU.Build.0 = Release|Any CPU
		{BAB54FFD-DF77-40B6-86A5-A1A3E0985468}.Debug|Any CPU.ActiveCfg = Debug|Any CPU
		{BAB54FFD-DF77-40B6-86A5-A1A3E0985468}.Debug|Any CPU.Build.0 = Debug|Any CPU
		{BAB54FFD-DF77-40B6-86A5-A1A3E0985468}.Release|Any CPU.ActiveCfg = Release|Any CPU
		{BAB54FFD-DF77-40B6-86A5-A1A3E0985468}.Release|Any CPU.Build.0 = Release|Any CPU
		{83E78951-5FBE-43D5-A6BE-7735721E4C1D}.Debug|Any CPU.ActiveCfg = Debug|Any CPU
		{83E78951-5FBE-43D5-A6BE-7735721E4C1D}.Debug|Any CPU.Build.0 = Debug|Any CPU
		{83E78951-5FBE-43D5-A6BE-7735721E4C1D}.Release|Any CPU.ActiveCfg = Release|Any CPU
		{83E78951-5FBE-43D5-A6BE-7735721E4C1D}.Release|Any CPU.Build.0 = Release|Any CPU
		{7A5E9C1B-CE91-463D-B0D1-8117C9E29D30}.Debug|Any CPU.ActiveCfg = Debug|Any CPU
		{7A5E9C1B-CE91-463D-B0D1-8117C9E29D30}.Debug|Any CPU.Build.0 = Debug|Any CPU
		{7A5E9C1B-CE91-463D-B0D1-8117C9E29D30}.Release|Any CPU.ActiveCfg = Release|Any CPU
		{7A5E9C1B-CE91-463D-B0D1-8117C9E29D30}.Release|Any CPU.Build.0 = Release|Any CPU
		{A93DFEEC-0DC7-4628-96F7-914A8053732B}.Debug|Any CPU.ActiveCfg = Debug|Any CPU
		{A93DFEEC-0DC7-4628-96F7-914A8053732B}.Debug|Any CPU.Build.0 = Debug|Any CPU
		{A93DFEEC-0DC7-4628-96F7-914A8053732B}.Release|Any CPU.ActiveCfg = Release|Any CPU
		{A93DFEEC-0DC7-4628-96F7-914A8053732B}.Release|Any CPU.Build.0 = Release|Any CPU
		{F93F72BE-F3F4-4CB6-A3A2-54CDBF3F9B18}.Debug|Any CPU.ActiveCfg = Debug|Any CPU
		{F93F72BE-F3F4-4CB6-A3A2-54CDBF3F9B18}.Debug|Any CPU.Build.0 = Debug|Any CPU
		{F93F72BE-F3F4-4CB6-A3A2-54CDBF3F9B18}.Release|Any CPU.ActiveCfg = Release|Any CPU
		{F93F72BE-F3F4-4CB6-A3A2-54CDBF3F9B18}.Release|Any CPU.Build.0 = Release|Any CPU
		{EB80F45C-FCC8-436C-900A-754A5E91A8E0}.Debug|Any CPU.ActiveCfg = Debug|Any CPU
		{EB80F45C-FCC8-436C-900A-754A5E91A8E0}.Debug|Any CPU.Build.0 = Debug|Any CPU
		{EB80F45C-FCC8-436C-900A-754A5E91A8E0}.Release|Any CPU.ActiveCfg = Release|Any CPU
		{EB80F45C-FCC8-436C-900A-754A5E91A8E0}.Release|Any CPU.Build.0 = Release|Any CPU
		{91F99541-D37F-46D5-8026-AD57C3F75B52}.Debug|Any CPU.ActiveCfg = Debug|Any CPU
		{91F99541-D37F-46D5-8026-AD57C3F75B52}.Debug|Any CPU.Build.0 = Debug|Any CPU
		{91F99541-D37F-46D5-8026-AD57C3F75B52}.Release|Any CPU.ActiveCfg = Release|Any CPU
		{91F99541-D37F-46D5-8026-AD57C3F75B52}.Release|Any CPU.Build.0 = Release|Any CPU
		{AD7CD285-D899-443D-A02C-D62C7C0A351F}.Debug|Any CPU.ActiveCfg = Debug|Any CPU
		{AD7CD285-D899-443D-A02C-D62C7C0A351F}.Debug|Any CPU.Build.0 = Debug|Any CPU
		{AD7CD285-D899-443D-A02C-D62C7C0A351F}.Release|Any CPU.ActiveCfg = Release|Any CPU
		{AD7CD285-D899-443D-A02C-D62C7C0A351F}.Release|Any CPU.Build.0 = Release|Any CPU
		{0A32F32B-49DF-49AB-8F3C-AFDD28517A89}.Debug|Any CPU.ActiveCfg = Debug|Any CPU
		{0A32F32B-49DF-49AB-8F3C-AFDD28517A89}.Debug|Any CPU.Build.0 = Debug|Any CPU
		{0A32F32B-49DF-49AB-8F3C-AFDD28517A89}.Release|Any CPU.ActiveCfg = Release|Any CPU
		{0A32F32B-49DF-49AB-8F3C-AFDD28517A89}.Release|Any CPU.Build.0 = Release|Any CPU
		{ED44ED49-3F9E-4D14-A600-51D7792A3F64}.Debug|Any CPU.ActiveCfg = Debug|Any CPU
		{ED44ED49-3F9E-4D14-A600-51D7792A3F64}.Debug|Any CPU.Build.0 = Debug|Any CPU
		{ED44ED49-3F9E-4D14-A600-51D7792A3F64}.Release|Any CPU.ActiveCfg = Release|Any CPU
		{ED44ED49-3F9E-4D14-A600-51D7792A3F64}.Release|Any CPU.Build.0 = Release|Any CPU
		{883EF7C5-4234-4A1B-82BC-36597D280B57}.Debug|Any CPU.ActiveCfg = Debug|Any CPU
		{883EF7C5-4234-4A1B-82BC-36597D280B57}.Debug|Any CPU.Build.0 = Debug|Any CPU
		{883EF7C5-4234-4A1B-82BC-36597D280B57}.Release|Any CPU.ActiveCfg = Release|Any CPU
		{883EF7C5-4234-4A1B-82BC-36597D280B57}.Release|Any CPU.Build.0 = Release|Any CPU
		{69B79A60-3719-43E5-BE12-78E401C7BC0C}.Debug|Any CPU.ActiveCfg = Debug|Any CPU
		{69B79A60-3719-43E5-BE12-78E401C7BC0C}.Debug|Any CPU.Build.0 = Debug|Any CPU
		{69B79A60-3719-43E5-BE12-78E401C7BC0C}.Release|Any CPU.ActiveCfg = Release|Any CPU
		{69B79A60-3719-43E5-BE12-78E401C7BC0C}.Release|Any CPU.Build.0 = Release|Any CPU
		{F680DA14-282E-471E-8E1C-F4D2067B718E}.Debug|Any CPU.ActiveCfg = Debug|Any CPU
		{F680DA14-282E-471E-8E1C-F4D2067B718E}.Debug|Any CPU.Build.0 = Debug|Any CPU
		{F680DA14-282E-471E-8E1C-F4D2067B718E}.Release|Any CPU.ActiveCfg = Release|Any CPU
		{F680DA14-282E-471E-8E1C-F4D2067B718E}.Release|Any CPU.Build.0 = Release|Any CPU
		{E220692E-909A-4855-A67F-64C3A9590BA6}.Debug|Any CPU.ActiveCfg = Debug|Any CPU
		{E220692E-909A-4855-A67F-64C3A9590BA6}.Debug|Any CPU.Build.0 = Debug|Any CPU
		{E220692E-909A-4855-A67F-64C3A9590BA6}.Release|Any CPU.ActiveCfg = Release|Any CPU
		{E220692E-909A-4855-A67F-64C3A9590BA6}.Release|Any CPU.Build.0 = Release|Any CPU
		{18A2D4FE-27BB-4A69-8C07-29169B9006B3}.Debug|Any CPU.ActiveCfg = Debug|Any CPU
		{18A2D4FE-27BB-4A69-8C07-29169B9006B3}.Debug|Any CPU.Build.0 = Debug|Any CPU
		{18A2D4FE-27BB-4A69-8C07-29169B9006B3}.Release|Any CPU.ActiveCfg = Release|Any CPU
		{18A2D4FE-27BB-4A69-8C07-29169B9006B3}.Release|Any CPU.Build.0 = Release|Any CPU
		{26F6273A-567A-4AA4-8304-AEC57FC40DC9}.Debug|Any CPU.ActiveCfg = Debug|Any CPU
		{26F6273A-567A-4AA4-8304-AEC57FC40DC9}.Debug|Any CPU.Build.0 = Debug|Any CPU
		{26F6273A-567A-4AA4-8304-AEC57FC40DC9}.Release|Any CPU.ActiveCfg = Release|Any CPU
		{26F6273A-567A-4AA4-8304-AEC57FC40DC9}.Release|Any CPU.Build.0 = Release|Any CPU
		{41F2DA18-8295-4003-99D3-4237B90D7BAE}.Debug|Any CPU.ActiveCfg = Debug|Any CPU
		{41F2DA18-8295-4003-99D3-4237B90D7BAE}.Debug|Any CPU.Build.0 = Debug|Any CPU
		{41F2DA18-8295-4003-99D3-4237B90D7BAE}.Release|Any CPU.ActiveCfg = Release|Any CPU
		{41F2DA18-8295-4003-99D3-4237B90D7BAE}.Release|Any CPU.Build.0 = Release|Any CPU
		{E4C15F45-CBB9-4240-B0CD-45E6A2A34629}.Debug|Any CPU.ActiveCfg = Debug|Any CPU
		{E4C15F45-CBB9-4240-B0CD-45E6A2A34629}.Debug|Any CPU.Build.0 = Debug|Any CPU
		{E4C15F45-CBB9-4240-B0CD-45E6A2A34629}.Release|Any CPU.ActiveCfg = Release|Any CPU
		{E4C15F45-CBB9-4240-B0CD-45E6A2A34629}.Release|Any CPU.Build.0 = Release|Any CPU
		{5D30B981-7319-4181-9E0A-DDE1ECCC691D}.Debug|Any CPU.ActiveCfg = Debug|Any CPU
		{5D30B981-7319-4181-9E0A-DDE1ECCC691D}.Debug|Any CPU.Build.0 = Debug|Any CPU
		{5D30B981-7319-4181-9E0A-DDE1ECCC691D}.Release|Any CPU.ActiveCfg = Release|Any CPU
		{5D30B981-7319-4181-9E0A-DDE1ECCC691D}.Release|Any CPU.Build.0 = Release|Any CPU
		{4939123A-D223-4F20-9911-6C30F2EECF2B}.Debug|Any CPU.ActiveCfg = Debug|Any CPU
		{4939123A-D223-4F20-9911-6C30F2EECF2B}.Debug|Any CPU.Build.0 = Debug|Any CPU
		{4939123A-D223-4F20-9911-6C30F2EECF2B}.Release|Any CPU.ActiveCfg = Release|Any CPU
		{4939123A-D223-4F20-9911-6C30F2EECF2B}.Release|Any CPU.Build.0 = Release|Any CPU
		{9A38AC58-8559-4895-A09E-2A924FD9763A}.Debug|Any CPU.ActiveCfg = Debug|Any CPU
		{9A38AC58-8559-4895-A09E-2A924FD9763A}.Debug|Any CPU.Build.0 = Debug|Any CPU
		{9A38AC58-8559-4895-A09E-2A924FD9763A}.Release|Any CPU.ActiveCfg = Release|Any CPU
		{9A38AC58-8559-4895-A09E-2A924FD9763A}.Release|Any CPU.Build.0 = Release|Any CPU
		{9C3643A9-2C53-4578-A373-CCF5626E7346}.Debug|Any CPU.ActiveCfg = Debug|Any CPU
		{9C3643A9-2C53-4578-A373-CCF5626E7346}.Debug|Any CPU.Build.0 = Debug|Any CPU
		{9C3643A9-2C53-4578-A373-CCF5626E7346}.Release|Any CPU.ActiveCfg = Release|Any CPU
		{9C3643A9-2C53-4578-A373-CCF5626E7346}.Release|Any CPU.Build.0 = Release|Any CPU
		{02E7316A-0B88-47D3-B859-3B2E90307F7F}.Debug|Any CPU.ActiveCfg = Debug|Any CPU
		{02E7316A-0B88-47D3-B859-3B2E90307F7F}.Debug|Any CPU.Build.0 = Debug|Any CPU
		{02E7316A-0B88-47D3-B859-3B2E90307F7F}.Release|Any CPU.ActiveCfg = Release|Any CPU
		{02E7316A-0B88-47D3-B859-3B2E90307F7F}.Release|Any CPU.Build.0 = Release|Any CPU
		{8F374F37-9A07-427E-9BA3-0E3A69AB094D}.Debug|Any CPU.ActiveCfg = Debug|Any CPU
		{8F374F37-9A07-427E-9BA3-0E3A69AB094D}.Debug|Any CPU.Build.0 = Debug|Any CPU
		{8F374F37-9A07-427E-9BA3-0E3A69AB094D}.Release|Any CPU.ActiveCfg = Release|Any CPU
		{8F374F37-9A07-427E-9BA3-0E3A69AB094D}.Release|Any CPU.Build.0 = Release|Any CPU
	EndGlobalSection
	GlobalSection(SolutionProperties) = preSolution
		HideSolutionNode = FALSE
	EndGlobalSection
	GlobalSection(NestedProjects) = preSolution
		{3746073A-1C5C-40A7-9D50-CB2A94CA888A} = {ECBD28DE-AFFB-4C9A-8988-6297FA5ADDD5}
		{4C93DBB6-7840-4277-BAF1-56148B62FB3D} = {6FA93B2E-A5E5-44CA-9851-52FAA2BF5C57}
		{6FA93B2E-A5E5-44CA-9851-52FAA2BF5C57} = {DE1DF0B9-0403-4888-8B24-8208348E9AFA}
		{5981ADBE-58A4-4F84-9529-E7D7F7E1610C} = {3746073A-1C5C-40A7-9D50-CB2A94CA888A}
		{CD83426E-2BA1-4DB0-94D9-1185C076276F} = {3746073A-1C5C-40A7-9D50-CB2A94CA888A}
		{411B666F-EDA0-47E0-BB34-3EAF047549A0} = {6FA93B2E-A5E5-44CA-9851-52FAA2BF5C57}
		{0330EB27-814D-4CF6-B377-3BFA884D5FD2} = {3746073A-1C5C-40A7-9D50-CB2A94CA888A}
		{78CC88DA-0B25-45BC-86A8-FFE9628B34A6} = {ECBD28DE-AFFB-4C9A-8988-6297FA5ADDD5}
		{62644B42-76EF-4FC2-8736-3E9B96C1D832} = {ECBD28DE-AFFB-4C9A-8988-6297FA5ADDD5}
		{BAB54FFD-DF77-40B6-86A5-A1A3E0985468} = {62644B42-76EF-4FC2-8736-3E9B96C1D832}
		{83E78951-5FBE-43D5-A6BE-7735721E4C1D} = {3746073A-1C5C-40A7-9D50-CB2A94CA888A}
		{7A5E9C1B-CE91-463D-B0D1-8117C9E29D30} = {3746073A-1C5C-40A7-9D50-CB2A94CA888A}
		{A93DFEEC-0DC7-4628-96F7-914A8053732B} = {3746073A-1C5C-40A7-9D50-CB2A94CA888A}
		{F93F72BE-F3F4-4CB6-A3A2-54CDBF3F9B18} = {78CC88DA-0B25-45BC-86A8-FFE9628B34A6}
		{EB80F45C-FCC8-436C-900A-754A5E91A8E0} = {78CC88DA-0B25-45BC-86A8-FFE9628B34A6}
		{0629A068-957D-4920-9290-0B9288341E0D} = {DE1DF0B9-0403-4888-8B24-8208348E9AFA}
		{91F99541-D37F-46D5-8026-AD57C3F75B52} = {0629A068-957D-4920-9290-0B9288341E0D}
		{1907A873-8368-4CFF-B5B3-98F04CD2E3A7} = {ECBD28DE-AFFB-4C9A-8988-6297FA5ADDD5}
		{AD7CD285-D899-443D-A02C-D62C7C0A351F} = {78CC88DA-0B25-45BC-86A8-FFE9628B34A6}
		{0A32F32B-49DF-49AB-8F3C-AFDD28517A89} = {3746073A-1C5C-40A7-9D50-CB2A94CA888A}
		{ED44ED49-3F9E-4D14-A600-51D7792A3F64} = {1907A873-8368-4CFF-B5B3-98F04CD2E3A7}
		{883EF7C5-4234-4A1B-82BC-36597D280B57} = {1907A873-8368-4CFF-B5B3-98F04CD2E3A7}
		{69B79A60-3719-43E5-BE12-78E401C7BC0C} = {62644B42-76EF-4FC2-8736-3E9B96C1D832}
		{D1083FEB-81A7-4BBF-ADDB-C03D143BC4AB} = {DE1DF0B9-0403-4888-8B24-8208348E9AFA}
		{F680DA14-282E-471E-8E1C-F4D2067B718E} = {D1083FEB-81A7-4BBF-ADDB-C03D143BC4AB}
		{E220692E-909A-4855-A67F-64C3A9590BA6} = {3746073A-1C5C-40A7-9D50-CB2A94CA888A}
		{18A2D4FE-27BB-4A69-8C07-29169B9006B3} = {3FAAA4DC-3245-4270-8BAF-C6333C79D516}
		{26F6273A-567A-4AA4-8304-AEC57FC40DC9} = {3746073A-1C5C-40A7-9D50-CB2A94CA888A}
		{41F2DA18-8295-4003-99D3-4237B90D7BAE} = {3FAAA4DC-3245-4270-8BAF-C6333C79D516}
		{E4C15F45-CBB9-4240-B0CD-45E6A2A34629} = {3FAAA4DC-3245-4270-8BAF-C6333C79D516}
		{5D30B981-7319-4181-9E0A-DDE1ECCC691D} = {78CC88DA-0B25-45BC-86A8-FFE9628B34A6}
		{4939123A-D223-4F20-9911-6C30F2EECF2B} = {0629A068-957D-4920-9290-0B9288341E0D}
		{9A38AC58-8559-4895-A09E-2A924FD9763A} = {78CC88DA-0B25-45BC-86A8-FFE9628B34A6}
		{3FAAA4DC-3245-4270-8BAF-C6333C79D516} = {F1B4AAEF-9162-4DFA-8B62-4069FC914839}
		{BA4E4760-AE72-4091-8E25-6B300CC27EEE} = {F1B4AAEF-9162-4DFA-8B62-4069FC914839}
		{4B71322A-458F-448D-844A-62A15F4323BC} = {F1B4AAEF-9162-4DFA-8B62-4069FC914839}
		{11ED0240-9469-44ED-B92B-007633238CC6} = {F1B4AAEF-9162-4DFA-8B62-4069FC914839}
		{9C3643A9-2C53-4578-A373-CCF5626E7346} = {BA4E4760-AE72-4091-8E25-6B300CC27EEE}
		{02E7316A-0B88-47D3-B859-3B2E90307F7F} = {4B71322A-458F-448D-844A-62A15F4323BC}
		{8F374F37-9A07-427E-9BA3-0E3A69AB094D} = {11ED0240-9469-44ED-B92B-007633238CC6}
	EndGlobalSection
	GlobalSection(ExtensibilityGlobals) = postSolution
		SolutionGuid = {AA6E8E23-8AB6-4AB6-9B31-494CB7CE5E63}
	EndGlobalSection
EndGlobal
