{
  "name": "util",
  "version": "1.0.0",
  "lockfileVersion": 1,
  "requires": true,
  "dependencies": {
    "typescript": {
      "version": "3.1.6",
      "resolved": "http://registry.npm.taobao.org/typescript/download/typescript-3.1.6.tgz",
      "integrity": "sha1-tlQ6g8/Iwr77P0yPumiW9bDJvmg="
    }
  }
}
