
Microsoft Visual Studio Solution File, Format Version 12.00
# Visual Studio 2012
Project("{FAE04EC0-301F-11D3-BF4B-00C04F79EFBC}") = "CodeGenerator", "CodeGenerator\CodeGenerator.csproj", "{B58D16AD-9987-4BB8-8BB2-2A0CE8BC9829}"
EndProject
Global
	GlobalSection(SolutionConfigurationPlatforms) = preSolution
		Debug|Any CPU = Debug|Any CPU
		Release|Any CPU = Release|Any CPU
	EndGlobalSection
	GlobalSection(ProjectConfigurationPlatforms) = postSolution
		{B58D16AD-9987-4BB8-8BB2-2A0CE8BC9829}.Debug|Any CPU.ActiveCfg = Debug|Any CPU
		{B58D16AD-9987-4BB8-8BB2-2A0CE8BC9829}.Debug|Any CPU.Build.0 = Debug|Any CPU
		{B58D16AD-9987-4BB8-8BB2-2A0CE8BC9829}.Release|Any CPU.ActiveCfg = Release|Any CPU
		{B58D16AD-9987-4BB8-8BB2-2A0CE8BC9829}.Release|Any CPU.Build.0 = Release|Any CPU
	EndGlobalSection
	GlobalSection(SolutionProperties) = preSolution
		HideSolutionNode = FALSE
	EndGlobalSection
EndGlobal
